// !$*UTF8*$!
{
	archiveVersion = 1;
	classes = {
	};
	objectVersion = 46;
	objects = {

/* Begin PBXBuildFile section */
		C4BB1A39187AF9910067C041 /* DIMapSourceManager.m in Sources */ = {isa = PBXBuildFile; fileRef = C4BB1A38187AF9910067C041 /* DIMapSourceManager.m */; };
		C4BB1A42187C25E30067C041 /* spb_10_16.sqlite in Resources */ = {isa = PBXBuildFile; fileRef = C4BB1A41187C25E30067C041 /* spb_10_16.sqlite */; };
		C4BD880818705EE400128CD1 /* Foundation.framework in Frameworks */ = {isa = PBXBuildFile; fileRef = C4BD880718705EE400128CD1 /* Foundation.framework */; };
		C4BD880A18705EE400128CD1 /* CoreGraphics.framework in Frameworks */ = {isa = PBXBuildFile; fileRef = C4BD880918705EE400128CD1 /* CoreGraphics.framework */; };
		C4BD880C18705EE400128CD1 /* UIKit.framework in Frameworks */ = {isa = PBXBuildFile; fileRef = C4BD880B18705EE400128CD1 /* UIKit.framework */; };
		C4BD880E18705EE400128CD1 /* CoreData.framework in Frameworks */ = {isa = PBXBuildFile; fileRef = C4BD880D18705EE400128CD1 /* CoreData.framework */; };
		C4BD881418705EE400128CD1 /* InfoPlist.strings in Resources */ = {isa = PBXBuildFile; fileRef = C4BD881218705EE400128CD1 /* InfoPlist.strings */; };
		C4BD881618705EE400128CD1 /* main.m in Sources */ = {isa = PBXBuildFile; fileRef = C4BD881518705EE400128CD1 /* main.m */; };
		C4BD881A18705EE400128CD1 /* DIAppDelegate.m in Sources */ = {isa = PBXBuildFile; fileRef = C4BD881918705EE400128CD1 /* DIAppDelegate.m */; };
		C4BD881D18705EE400128CD1 /* MapAppGit.xcdatamodeld in Sources */ = {isa = PBXBuildFile; fileRef = C4BD881B18705EE400128CD1 /* MapAppGit.xcdatamodeld */; };
		C4BD881F18705EE400128CD1 /* Images.xcassets in Resources */ = {isa = PBXBuildFile; fileRef = C4BD881E18705EE400128CD1 /* Images.xcassets */; };
		C4BD882618705EE400128CD1 /* XCTest.framework in Frameworks */ = {isa = PBXBuildFile; fileRef = C4BD882518705EE400128CD1 /* XCTest.framework */; };
		C4BD882718705EE400128CD1 /* Foundation.framework in Frameworks */ = {isa = PBXBuildFile; fileRef = C4BD880718705EE400128CD1 /* Foundation.framework */; };
		C4BD882818705EE400128CD1 /* UIKit.framework in Frameworks */ = {isa = PBXBuildFile; fileRef = C4BD880B18705EE400128CD1 /* UIKit.framework */; };
		C4BD882918705EE400128CD1 /* CoreData.framework in Frameworks */ = {isa = PBXBuildFile; fileRef = C4BD880D18705EE400128CD1 /* CoreData.framework */; };
		C4BD883118705EE400128CD1 /* InfoPlist.strings in Resources */ = {isa = PBXBuildFile; fileRef = C4BD882F18705EE400128CD1 /* InfoPlist.strings */; };
		C4BD883318705EE400128CD1 /* MapAppGitTests.m in Sources */ = {isa = PBXBuildFile; fileRef = C4BD883218705EE400128CD1 /* MapAppGitTests.m */; };
		C4BD88411870612900128CD1 /* DIMapController.m in Sources */ = {isa = PBXBuildFile; fileRef = C4BD883F1870612900128CD1 /* DIMapController.m */; };
		C4BD88421870612900128CD1 /* DIMapController.xib in Resources */ = {isa = PBXBuildFile; fileRef = C4BD88401870612900128CD1 /* DIMapController.xib */; };
		C4BD885318706E9000128CD1 /* libsqlite3.dylib in Frameworks */ = {isa = PBXBuildFile; fileRef = C4BD885218706E9000128CD1 /* libsqlite3.dylib */; };
		C4BD885518706E9900128CD1 /* CoreLocation.framework in Frameworks */ = {isa = PBXBuildFile; fileRef = C4BD885418706E9900128CD1 /* CoreLocation.framework */; };
		C4BD885718706EA300128CD1 /* QuartzCore.framework in Frameworks */ = {isa = PBXBuildFile; fileRef = C4BD885618706EA300128CD1 /* QuartzCore.framework */; };
		C4BD885A18707A0100128CD1 /* libz.dylib in Frameworks */ = {isa = PBXBuildFile; fileRef = C4BD885918707A0100128CD1 /* libz.dylib */; };
		C4BD88611870822900128CD1 /* DITilesDownloader.m in Sources */ = {isa = PBXBuildFile; fileRef = C4BD88601870822900128CD1 /* DITilesDownloader.m */; };
		C4BD887218708C1D00128CD1 /* libMapView.a in Frameworks */ = {isa = PBXBuildFile; fileRef = C4BD887118708C1D00128CD1 /* libMapView.a */; };
		C4BD888A1870949700128CD1 /* DICloudeMadeManager.m in Sources */ = {isa = PBXBuildFile; fileRef = C4BD88891870949700128CD1 /* DICloudeMadeManager.m */; };
/* End PBXBuildFile section */

/* Begin PBXContainerItemProxy section */
		C4BD882A18705EE400128CD1 /* PBXContainerItemProxy */ = {
			isa = PBXContainerItemProxy;
			containerPortal = C4BD87FC18705EE400128CD1 /* Project object */;
			proxyType = 1;
			remoteGlobalIDString = C4BD880318705EE400128CD1;
			remoteInfo = MapAppGit;
		};
		C4BD887B18708C8300128CD1 /* PBXContainerItemProxy */ = {
			isa = PBXContainerItemProxy;
			containerPortal = C4BD886218708BCF00128CD1 /* MapView.xcodeproj */;
			proxyType = 2;
			remoteGlobalIDString = 17F31EFA1331050A00122B16;
			remoteInfo = MapView;
		};
		C4BD887D18708C8300128CD1 /* PBXContainerItemProxy */ = {
			isa = PBXContainerItemProxy;
			containerPortal = C4BD886218708BCF00128CD1 /* MapView.xcodeproj */;
			proxyType = 2;
			remoteGlobalIDString = 17157D87133BBC8300E28941;
			remoteInfo = MapViewTests;
		};
		C4BD887F18708C8300128CD1 /* PBXContainerItemProxy */ = {
			isa = PBXContainerItemProxy;
			containerPortal = C4BD886218708BCF00128CD1 /* MapView.xcodeproj */;
			proxyType = 2;
			remoteGlobalIDString = 2BF3078F0F8AC5C0007014EE;
			remoteInfo = "Unit Tests";
		};
		C4BD888118708C8C00128CD1 /* PBXContainerItemProxy */ = {
			isa = PBXContainerItemProxy;
			containerPortal = C4BD886218708BCF00128CD1 /* MapView.xcodeproj */;
			proxyType = 1;
			remoteGlobalIDString = B8C974130E8A19B2007D16AD;
			remoteInfo = MapView;
		};
/* End PBXContainerItemProxy section */

/* Begin PBXFileReference section */
		C4BB1A38187AF9910067C041 /* DIMapSourceManager.m */ = {isa = PBXFileReference; fileEncoding = 4; lastKnownFileType = sourcecode.c.objc; name = DIMapSourceManager.m; path = Classes/Managers/MapSourceManagers/DIMapSourceManager.m; sourceTree = "<group>"; };
		C4BB1A3F187B04320067C041 /* DIDefaults.h */ = {isa = PBXFileReference; lastKnownFileType = sourcecode.c.h; path = DIDefaults.h; sourceTree = "<group>"; };
		C4BB1A41187C25E30067C041 /* spb_10_16.sqlite */ = {isa = PBXFileReference; lastKnownFileType = file; path = spb_10_16.sqlite; sourceTree = "<group>"; };
		C4BD880418705EE400128CD1 /* MapAppGit.app */ = {isa = PBXFileReference; explicitFileType = wrapper.application; includeInIndex = 0; path = MapAppGit.app; sourceTree = BUILT_PRODUCTS_DIR; };
		C4BD880718705EE400128CD1 /* Foundation.framework */ = {isa = PBXFileReference; lastKnownFileType = wrapper.framework; name = Foundation.framework; path = System/Library/Frameworks/Foundation.framework; sourceTree = SDKROOT; };
		C4BD880918705EE400128CD1 /* CoreGraphics.framework */ = {isa = PBXFileReference; lastKnownFileType = wrapper.framework; name = CoreGraphics.framework; path = System/Library/Frameworks/CoreGraphics.framework; sourceTree = SDKROOT; };
		C4BD880B18705EE400128CD1 /* UIKit.framework */ = {isa = PBXFileReference; lastKnownFileType = wrapper.framework; name = UIKit.framework; path = System/Library/Frameworks/UIKit.framework; sourceTree = SDKROOT; };
		C4BD880D18705EE400128CD1 /* CoreData.framework */ = {isa = PBXFileReference; lastKnownFileType = wrapper.framework; name = CoreData.framework; path = System/Library/Frameworks/CoreData.framework; sourceTree = SDKROOT; };
		C4BD881118705EE400128CD1 /* MapAppGit-Info.plist */ = {isa = PBXFileReference; lastKnownFileType = text.plist.xml; path = "MapAppGit-Info.plist"; sourceTree = "<group>"; };
		C4BD881318705EE400128CD1 /* en */ = {isa = PBXFileReference; lastKnownFileType = text.plist.strings; name = en; path = en.lproj/InfoPlist.strings; sourceTree = "<group>"; };
		C4BD881518705EE400128CD1 /* main.m */ = {isa = PBXFileReference; lastKnownFileType = sourcecode.c.objc; path = main.m; sourceTree = "<group>"; };
		C4BD881718705EE400128CD1 /* MapAppGit-Prefix.pch */ = {isa = PBXFileReference; lastKnownFileType = sourcecode.c.h; path = "MapAppGit-Prefix.pch"; sourceTree = "<group>"; };
		C4BD881818705EE400128CD1 /* DIAppDelegate.h */ = {isa = PBXFileReference; lastKnownFileType = sourcecode.c.h; path = DIAppDelegate.h; sourceTree = "<group>"; };
		C4BD881918705EE400128CD1 /* DIAppDelegate.m */ = {isa = PBXFileReference; lastKnownFileType = sourcecode.c.objc; path = DIAppDelegate.m; sourceTree = "<group>"; };
		C4BD881C18705EE400128CD1 /* MapAppGit.xcdatamodel */ = {isa = PBXFileReference; lastKnownFileType = wrapper.xcdatamodel; path = MapAppGit.xcdatamodel; sourceTree = "<group>"; };
		C4BD881E18705EE400128CD1 /* Images.xcassets */ = {isa = PBXFileReference; lastKnownFileType = folder.assetcatalog; path = Images.xcassets; sourceTree = "<group>"; };
		C4BD882418705EE400128CD1 /* MapAppGitTests.xctest */ = {isa = PBXFileReference; explicitFileType = wrapper.cfbundle; includeInIndex = 0; path = MapAppGitTests.xctest; sourceTree = BUILT_PRODUCTS_DIR; };
		C4BD882518705EE400128CD1 /* XCTest.framework */ = {isa = PBXFileReference; lastKnownFileType = wrapper.framework; name = XCTest.framework; path = Library/Frameworks/XCTest.framework; sourceTree = DEVELOPER_DIR; };
		C4BD882E18705EE400128CD1 /* MapAppGitTests-Info.plist */ = {isa = PBXFileReference; lastKnownFileType = text.plist.xml; path = "MapAppGitTests-Info.plist"; sourceTree = "<group>"; };
		C4BD883018705EE400128CD1 /* en */ = {isa = PBXFileReference; lastKnownFileType = text.plist.strings; name = en; path = en.lproj/InfoPlist.strings; sourceTree = "<group>"; };
		C4BD883218705EE400128CD1 /* MapAppGitTests.m */ = {isa = PBXFileReference; lastKnownFileType = sourcecode.c.objc; path = MapAppGitTests.m; sourceTree = "<group>"; };
		C4BD883E1870612900128CD1 /* DIMapController.h */ = {isa = PBXFileReference; fileEncoding = 4; lastKnownFileType = sourcecode.c.h; name = DIMapController.h; path = Classes/ViewControllers/DIMapController.h; sourceTree = "<group>"; };
		C4BD883F1870612900128CD1 /* DIMapController.m */ = {isa = PBXFileReference; fileEncoding = 4; lastKnownFileType = sourcecode.c.objc; name = DIMapController.m; path = Classes/ViewControllers/DIMapController.m; sourceTree = "<group>"; };
		C4BD88401870612900128CD1 /* DIMapController.xib */ = {isa = PBXFileReference; fileEncoding = 4; lastKnownFileType = file.xib; name = DIMapController.xib; path = Classes/ViewControllers/DIMapController.xib; sourceTree = "<group>"; };
		C4BD885218706E9000128CD1 /* libsqlite3.dylib */ = {isa = PBXFileReference; lastKnownFileType = "compiled.mach-o.dylib"; name = libsqlite3.dylib; path = usr/lib/libsqlite3.dylib; sourceTree = SDKROOT; };
		C4BD885418706E9900128CD1 /* CoreLocation.framework */ = {isa = PBXFileReference; lastKnownFileType = wrapper.framework; name = CoreLocation.framework; path = System/Library/Frameworks/CoreLocation.framework; sourceTree = SDKROOT; };
		C4BD885618706EA300128CD1 /* QuartzCore.framework */ = {isa = PBXFileReference; lastKnownFileType = wrapper.framework; name = QuartzCore.framework; path = System/Library/Frameworks/QuartzCore.framework; sourceTree = SDKROOT; };
		C4BD885918707A0100128CD1 /* libz.dylib */ = {isa = PBXFileReference; lastKnownFileType = "compiled.mach-o.dylib"; name = libz.dylib; path = usr/lib/libz.dylib; sourceTree = SDKROOT; };
		C4BD885F1870822900128CD1 /* DITilesDownloader.h */ = {isa = PBXFileReference; fileEncoding = 4; lastKnownFileType = sourcecode.c.h; path = DITilesDownloader.h; sourceTree = "<group>"; };
		C4BD88601870822900128CD1 /* DITilesDownloader.m */ = {isa = PBXFileReference; fileEncoding = 4; lastKnownFileType = sourcecode.c.objc; path = DITilesDownloader.m; sourceTree = "<group>"; };
		C4BD886218708BCF00128CD1 /* MapView.xcodeproj */ = {isa = PBXFileReference; lastKnownFileType = "wrapper.pb-project"; name = MapView.xcodeproj; path = ../RouteMeLib/MapView/MapView.xcodeproj; sourceTree = "<group>"; };
		C4BD887118708C1D00128CD1 /* libMapView.a */ = {isa = PBXFileReference; lastKnownFileType = archive.ar; name = libMapView.a; path = "../RouteMeLib/MapView/build/Debug-iphoneos/libMapView.a"; sourceTree = "<group>"; };
		C4BD88881870949700128CD1 /* DICloudeMadeManager.h */ = {isa = PBXFileReference; fileEncoding = 4; lastKnownFileType = sourcecode.c.h; name = DICloudeMadeManager.h; path = Classes/Managers/MapSourceManagers/DICloudeMadeManager.h; sourceTree = "<group>"; };
		C4BD88891870949700128CD1 /* DICloudeMadeManager.m */ = {isa = PBXFileReference; fileEncoding = 4; lastKnownFileType = sourcecode.c.objc; name = DICloudeMadeManager.m; path = Classes/Managers/MapSourceManagers/DICloudeMadeManager.m; sourceTree = "<group>"; };
		C4BD888B187094FA00128CD1 /* DIMapSourceManager.h */ = {isa = PBXFileReference; lastKnownFileType = sourcecode.c.h; name = DIMapSourceManager.h; path = Classes/Managers/MapSourceManagers/DIMapSourceManager.h; sourceTree = "<group>"; };
/* End PBXFileReference section */

/* Begin PBXFrameworksBuildPhase section */
		C4BD880118705EE400128CD1 /* Frameworks */ = {
			isa = PBXFrameworksBuildPhase;
			buildActionMask = 2147483647;
			files = (
				C4BD887218708C1D00128CD1 /* libMapView.a in Frameworks */,
				C4BD885A18707A0100128CD1 /* libz.dylib in Frameworks */,
				C4BD885718706EA300128CD1 /* QuartzCore.framework in Frameworks */,
				C4BD885518706E9900128CD1 /* CoreLocation.framework in Frameworks */,
				C4BD885318706E9000128CD1 /* libsqlite3.dylib in Frameworks */,
				C4BD880A18705EE400128CD1 /* CoreGraphics.framework in Frameworks */,
				C4BD880E18705EE400128CD1 /* CoreData.framework in Frameworks */,
				C4BD880C18705EE400128CD1 /* UIKit.framework in Frameworks */,
				C4BD880818705EE400128CD1 /* Foundation.framework in Frameworks */,
			);
			runOnlyForDeploymentPostprocessing = 0;
		};
		C4BD882118705EE400128CD1 /* Frameworks */ = {
			isa = PBXFrameworksBuildPhase;
			buildActionMask = 2147483647;
			files = (
				C4BD882618705EE400128CD1 /* XCTest.framework in Frameworks */,
				C4BD882918705EE400128CD1 /* CoreData.framework in Frameworks */,
				C4BD882818705EE400128CD1 /* UIKit.framework in Frameworks */,
				C4BD882718705EE400128CD1 /* Foundation.framework in Frameworks */,
			);
			runOnlyForDeploymentPostprocessing = 0;
		};
/* End PBXFrameworksBuildPhase section */

/* Begin PBXGroup section */
		C4BB1A4D18817AF10067C041 /* Objects */ = {
			isa = PBXGroup;
			children = (
			);
			name = Objects;
			sourceTree = "<group>";
		};
		C4BD87FB18705EE400128CD1 = {
			isa = PBXGroup;
			children = (
				C4BD880F18705EE400128CD1 /* MapAppGit */,
				C4BD886218708BCF00128CD1 /* MapView.xcodeproj */,
				C4BD882C18705EE400128CD1 /* MapAppGitTests */,
				C4BD880618705EE400128CD1 /* Frameworks */,
				C4BD880518705EE400128CD1 /* Products */,
			);
			sourceTree = "<group>";
		};
		C4BD880518705EE400128CD1 /* Products */ = {
			isa = PBXGroup;
			children = (
				C4BD880418705EE400128CD1 /* MapAppGit.app */,
				C4BD882418705EE400128CD1 /* MapAppGitTests.xctest */,
			);
			name = Products;
			sourceTree = "<group>";
		};
		C4BD880618705EE400128CD1 /* Frameworks */ = {
			isa = PBXGroup;
			children = (
				C4BD887118708C1D00128CD1 /* libMapView.a */,
				C4BD885918707A0100128CD1 /* libz.dylib */,
				C4BD885218706E9000128CD1 /* libsqlite3.dylib */,
				C4BD885618706EA300128CD1 /* QuartzCore.framework */,
				C4BD885418706E9900128CD1 /* CoreLocation.framework */,
				C4BD880718705EE400128CD1 /* Foundation.framework */,
				C4BD880918705EE400128CD1 /* CoreGraphics.framework */,
				C4BD880B18705EE400128CD1 /* UIKit.framework */,
				C4BD880D18705EE400128CD1 /* CoreData.framework */,
				C4BD882518705EE400128CD1 /* XCTest.framework */,
			);
			name = Frameworks;
			sourceTree = "<group>";
		};
		C4BD880F18705EE400128CD1 /* MapAppGit */ = {
			isa = PBXGroup;
			children = (
				C4BD885B187080FD00128CD1 /* Managers */,
				C4BB1A4D18817AF10067C041 /* Objects */,
				C4BD883C187060AD00128CD1 /* ViewControllers */,
				C4BD881818705EE400128CD1 /* DIAppDelegate.h */,
				C4BD881918705EE400128CD1 /* DIAppDelegate.m */,
				C4BB1A3F187B04320067C041 /* DIDefaults.h */,
				C4BD881E18705EE400128CD1 /* Images.xcassets */,
				C4BD881B18705EE400128CD1 /* MapAppGit.xcdatamodeld */,
				C4BD881018705EE400128CD1 /* Supporting Files */,
			);
			path = MapAppGit;
			sourceTree = "<group>";
		};
		C4BD881018705EE400128CD1 /* Supporting Files */ = {
			isa = PBXGroup;
			children = (
				C4BB1A41187C25E30067C041 /* spb_10_16.sqlite */,
				C4BD881118705EE400128CD1 /* MapAppGit-Info.plist */,
				C4BD881218705EE400128CD1 /* InfoPlist.strings */,
				C4BD881518705EE400128CD1 /* main.m */,
				C4BD881718705EE400128CD1 /* MapAppGit-Prefix.pch */,
			);
			name = "Supporting Files";
			sourceTree = "<group>";
		};
		C4BD882C18705EE400128CD1 /* MapAppGitTests */ = {
			isa = PBXGroup;
			children = (
				C4BD883218705EE400128CD1 /* MapAppGitTests.m */,
				C4BD882D18705EE400128CD1 /* Supporting Files */,
			);
			path = MapAppGitTests;
			sourceTree = "<group>";
		};
		C4BD882D18705EE400128CD1 /* Supporting Files */ = {
			isa = PBXGroup;
			children = (
				C4BD882E18705EE400128CD1 /* MapAppGitTests-Info.plist */,
				C4BD882F18705EE400128CD1 /* InfoPlist.strings */,
			);
			name = "Supporting Files";
			sourceTree = "<group>";
		};
		C4BD883C187060AD00128CD1 /* ViewControllers */ = {
			isa = PBXGroup;
			children = (
				C4BD883D187060BF00128CD1 /* DIMapController */,
			);
			name = ViewControllers;
			sourceTree = "<group>";
		};
		C4BD883D187060BF00128CD1 /* DIMapController */ = {
			isa = PBXGroup;
			children = (
				C4BD883E1870612900128CD1 /* DIMapController.h */,
				C4BD883F1870612900128CD1 /* DIMapController.m */,
				C4BD88401870612900128CD1 /* DIMapController.xib */,
			);
			name = DIMapController;
			sourceTree = "<group>";
		};
		C4BD885B187080FD00128CD1 /* Managers */ = {
			isa = PBXGroup;
			children = (
				C4BD88871870942200128CD1 /* MapSourceManagers */,
				C4BD885E1870822900128CD1 /* TilesDownloader */,
			);
			name = Managers;
			sourceTree = "<group>";
		};
		C4BD885E1870822900128CD1 /* TilesDownloader */ = {
			isa = PBXGroup;
			children = (
				C4BD885F1870822900128CD1 /* DITilesDownloader.h */,
				C4BD88601870822900128CD1 /* DITilesDownloader.m */,
			);
			name = TilesDownloader;
			path = Classes/Managers/TilesDownloader;
			sourceTree = "<group>";
		};
		C4BD887418708C8300128CD1 /* Products */ = {
			isa = PBXGroup;
			children = (
				C4BD887C18708C8300128CD1 /* libMapView.a */,
				C4BD887E18708C8300128CD1 /* MapViewTests.octest */,
				C4BD888018708C8300128CD1 /* RM Unit Tests.app */,
			);
			name = Products;
			sourceTree = "<group>";
		};
		C4BD88871870942200128CD1 /* MapSourceManagers */ = {
			isa = PBXGroup;
			children = (
				C4BD888B187094FA00128CD1 /* DIMapSourceManager.h */,
				C4BB1A38187AF9910067C041 /* DIMapSourceManager.m */,
				C4BD88881870949700128CD1 /* DICloudeMadeManager.h */,
				C4BD88891870949700128CD1 /* DICloudeMadeManager.m */,
			);
			name = MapSourceManagers;
			sourceTree = "<group>";
		};
/* End PBXGroup section */

/* Begin PBXNativeTarget section */
		C4BD880318705EE400128CD1 /* MapAppGit */ = {
			isa = PBXNativeTarget;
			buildConfigurationList = C4BD883618705EE400128CD1 /* Build configuration list for PBXNativeTarget "MapAppGit" */;
			buildPhases = (
				C4BD880018705EE400128CD1 /* Sources */,
				C4BD880118705EE400128CD1 /* Frameworks */,
				C4BD880218705EE400128CD1 /* Resources */,
			);
			buildRules = (
			);
			dependencies = (
				C4BD888218708C8C00128CD1 /* PBXTargetDependency */,
			);
			name = MapAppGit;
			productName = MapAppGit;
			productReference = C4BD880418705EE400128CD1 /* MapAppGit.app */;
			productType = "com.apple.product-type.application";
		};
		C4BD882318705EE400128CD1 /* MapAppGitTests */ = {
			isa = PBXNativeTarget;
			buildConfigurationList = C4BD883918705EE400128CD1 /* Build configuration list for PBXNativeTarget "MapAppGitTests" */;
			buildPhases = (
				C4BD882018705EE400128CD1 /* Sources */,
				C4BD882118705EE400128CD1 /* Frameworks */,
				C4BD882218705EE400128CD1 /* Resources */,
			);
			buildRules = (
			);
			dependencies = (
				C4BD882B18705EE400128CD1 /* PBXTargetDependency */,
			);
			name = MapAppGitTests;
			productName = MapAppGitTests;
			productReference = C4BD882418705EE400128CD1 /* MapAppGitTests.xctest */;
			productType = "com.apple.product-type.bundle.unit-test";
		};
/* End PBXNativeTarget section */

/* Begin PBXProject section */
		C4BD87FC18705EE400128CD1 /* Project object */ = {
			isa = PBXProject;
			attributes = {
				CLASSPREFIX = DI;
				LastUpgradeCheck = 0500;
				ORGANIZATIONNAME = "Dmitry Ivanov";
				TargetAttributes = {
					C4BD880318705EE400128CD1 = {
						DevelopmentTeam = 2Y2B5M2TAL;
					};
					C4BD882318705EE400128CD1 = {
						TestTargetID = C4BD880318705EE400128CD1;
					};
				};
			};
			buildConfigurationList = C4BD87FF18705EE400128CD1 /* Build configuration list for PBXProject "MapAppGit" */;
			compatibilityVersion = "Xcode 3.2";
			developmentRegion = English;
			hasScannedForEncodings = 0;
			knownRegions = (
				en,
			);
			mainGroup = C4BD87FB18705EE400128CD1;
			productRefGroup = C4BD880518705EE400128CD1 /* Products */;
			projectDirPath = "";
			projectReferences = (
				{
					ProductGroup = C4BD887418708C8300128CD1 /* Products */;
					ProjectRef = C4BD886218708BCF00128CD1 /* MapView.xcodeproj */;
				},
			);
			projectRoot = "";
			targets = (
				C4BD880318705EE400128CD1 /* MapAppGit */,
				C4BD882318705EE400128CD1 /* MapAppGitTests */,
			);
		};
/* End PBXProject section */

/* Begin PBXReferenceProxy section */
		C4BD887C18708C8300128CD1 /* libMapView.a */ = {
			isa = PBXReferenceProxy;
			fileType = archive.ar;
			path = libMapView.a;
			remoteRef = C4BD887B18708C8300128CD1 /* PBXContainerItemProxy */;
			sourceTree = BUILT_PRODUCTS_DIR;
		};
		C4BD887E18708C8300128CD1 /* MapViewTests.octest */ = {
			isa = PBXReferenceProxy;
			fileType = wrapper.cfbundle;
			path = MapViewTests.octest;
			remoteRef = C4BD887D18708C8300128CD1 /* PBXContainerItemProxy */;
			sourceTree = BUILT_PRODUCTS_DIR;
		};
		C4BD888018708C8300128CD1 /* RM Unit Tests.app */ = {
			isa = PBXReferenceProxy;
			fileType = wrapper.application;
			path = "RM Unit Tests.app";
			remoteRef = C4BD887F18708C8300128CD1 /* PBXContainerItemProxy */;
			sourceTree = BUILT_PRODUCTS_DIR;
		};
/* End PBXReferenceProxy section */

/* Begin PBXResourcesBuildPhase section */
		C4BD880218705EE400128CD1 /* Resources */ = {
			isa = PBXResourcesBuildPhase;
			buildActionMask = 2147483647;
			files = (
				C4BD88421870612900128CD1 /* DIMapController.xib in Resources */,
				C4BD881418705EE400128CD1 /* InfoPlist.strings in Resources */,
				C4BD881F18705EE400128CD1 /* Images.xcassets in Resources */,
				C4BB1A42187C25E30067C041 /* spb_10_16.sqlite in Resources */,
			);
			runOnlyForDeploymentPostprocessing = 0;
		};
		C4BD882218705EE400128CD1 /* Resources */ = {
			isa = PBXResourcesBuildPhase;
			buildActionMask = 2147483647;
			files = (
				C4BD883118705EE400128CD1 /* InfoPlist.strings in Resources */,
			);
			runOnlyForDeploymentPostprocessing = 0;
		};
/* End PBXResourcesBuildPhase section */

/* Begin PBXSourcesBuildPhase section */
		C4BD880018705EE400128CD1 /* Sources */ = {
			isa = PBXSourcesBuildPhase;
			buildActionMask = 2147483647;
			files = (
				C4BD88611870822900128CD1 /* DITilesDownloader.m in Sources */,
				C4BB1A39187AF9910067C041 /* DIMapSourceManager.m in Sources */,
				C4BD881D18705EE400128CD1 /* MapAppGit.xcdatamodeld in Sources */,
				C4BD881618705EE400128CD1 /* main.m in Sources */,
				C4BD881A18705EE400128CD1 /* DIAppDelegate.m in Sources */,
				C4BD88411870612900128CD1 /* DIMapController.m in Sources */,
				C4BD888A1870949700128CD1 /* DICloudeMadeManager.m in Sources */,
			);
			runOnlyForDeploymentPostprocessing = 0;
		};
		C4BD882018705EE400128CD1 /* Sources */ = {
			isa = PBXSourcesBuildPhase;
			buildActionMask = 2147483647;
			files = (
				C4BD883318705EE400128CD1 /* MapAppGitTests.m in Sources */,
			);
			runOnlyForDeploymentPostprocessing = 0;
		};
/* End PBXSourcesBuildPhase section */

/* Begin PBXTargetDependency section */
		C4BD882B18705EE400128CD1 /* PBXTargetDependency */ = {
			isa = PBXTargetDependency;
			target = C4BD880318705EE400128CD1 /* MapAppGit */;
			targetProxy = C4BD882A18705EE400128CD1 /* PBXContainerItemProxy */;
		};
		C4BD888218708C8C00128CD1 /* PBXTargetDependency */ = {
			isa = PBXTargetDependency;
			name = MapView;
			targetProxy = C4BD888118708C8C00128CD1 /* PBXContainerItemProxy */;
		};
/* End PBXTargetDependency section */

/* Begin PBXVariantGroup section */
		C4BD881218705EE400128CD1 /* InfoPlist.strings */ = {
			isa = PBXVariantGroup;
			children = (
				C4BD881318705EE400128CD1 /* en */,
			);
			name = InfoPlist.strings;
			sourceTree = "<group>";
		};
		C4BD882F18705EE400128CD1 /* InfoPlist.strings */ = {
			isa = PBXVariantGroup;
			children = (
				C4BD883018705EE400128CD1 /* en */,
			);
			name = InfoPlist.strings;
			sourceTree = "<group>";
		};
/* End PBXVariantGroup section */

/* Begin XCBuildConfiguration section */
		C4BD883418705EE400128CD1 /* Debug */ = {
			isa = XCBuildConfiguration;
			buildSettings = {
				ALWAYS_SEARCH_USER_PATHS = NO;
				ARCHS = "$(ARCHS_STANDARD_INCLUDING_64_BIT)";
				CLANG_CXX_LANGUAGE_STANDARD = "gnu++0x";
				CLANG_CXX_LIBRARY = "libc++";
				CLANG_ENABLE_MODULES = YES;
				CLANG_ENABLE_OBJC_ARC = YES;
				CLANG_WARN_BOOL_CONVERSION = YES;
				CLANG_WARN_CONSTANT_CONVERSION = YES;
				CLANG_WARN_DIRECT_OBJC_ISA_USAGE = YES_ERROR;
				CLANG_WARN_EMPTY_BODY = YES;
				CLANG_WARN_ENUM_CONVERSION = YES;
				CLANG_WARN_INT_CONVERSION = YES;
				CLANG_WARN_OBJC_ROOT_CLASS = YES_ERROR;
				CLANG_WARN__DUPLICATE_METHOD_MATCH = YES;
				CODE_SIGN_IDENTITY = "";
				"CODE_SIGN_IDENTITY[sdk=iphoneos*]" = "";
				COPY_PHASE_STRIP = NO;
				GCC_C_LANGUAGE_STANDARD = gnu99;
				GCC_DYNAMIC_NO_PIC = NO;
				GCC_OPTIMIZATION_LEVEL = 0;
				GCC_PREPROCESSOR_DEFINITIONS = (
					"DEBUG=1",
					"$(inherited)",
				);
				GCC_SYMBOLS_PRIVATE_EXTERN = NO;
				GCC_WARN_64_TO_32_BIT_CONVERSION = YES;
				GCC_WARN_ABOUT_RETURN_TYPE = YES_ERROR;
				GCC_WARN_UNDECLARED_SELECTOR = YES;
				GCC_WARN_UNINITIALIZED_AUTOS = YES;
				GCC_WARN_UNUSED_FUNCTION = YES;
				GCC_WARN_UNUSED_VARIABLE = YES;
				IPHONEOS_DEPLOYMENT_TARGET = 7.0;
				ONLY_ACTIVE_ARCH = YES;
				OTHER_LDFLAGS = (
					"-all_load",
					"-ObjC",
				);
				SDKROOT = iphoneos;
			};
			name = Debug;
		};
		C4BD883518705EE400128CD1 /* Release */ = {
			isa = XCBuildConfiguration;
			buildSettings = {
				ALWAYS_SEARCH_USER_PATHS = NO;
				ARCHS = "$(ARCHS_STANDARD_INCLUDING_64_BIT)";
				CLANG_CXX_LANGUAGE_STANDARD = "gnu++0x";
				CLANG_CXX_LIBRARY = "libc++";
				CLANG_ENABLE_MODULES = YES;
				CLANG_ENABLE_OBJC_ARC = YES;
				CLANG_WARN_BOOL_CONVERSION = YES;
				CLANG_WARN_CONSTANT_CONVERSION = YES;
				CLANG_WARN_DIRECT_OBJC_ISA_USAGE = YES_ERROR;
				CLANG_WARN_EMPTY_BODY = YES;
				CLANG_WARN_ENUM_CONVERSION = YES;
				CLANG_WARN_INT_CONVERSION = YES;
				CLANG_WARN_OBJC_ROOT_CLASS = YES_ERROR;
				CLANG_WARN__DUPLICATE_METHOD_MATCH = YES;
				CODE_SIGN_IDENTITY = "";
				"CODE_SIGN_IDENTITY[sdk=iphoneos*]" = "";
				COPY_PHASE_STRIP = YES;
				ENABLE_NS_ASSERTIONS = NO;
				GCC_C_LANGUAGE_STANDARD = gnu99;
				GCC_WARN_64_TO_32_BIT_CONVERSION = YES;
				GCC_WARN_ABOUT_RETURN_TYPE = YES_ERROR;
				GCC_WARN_UNDECLARED_SELECTOR = YES;
				GCC_WARN_UNINITIALIZED_AUTOS = YES;
				GCC_WARN_UNUSED_FUNCTION = YES;
				GCC_WARN_UNUSED_VARIABLE = YES;
				IPHONEOS_DEPLOYMENT_TARGET = 7.0;
				OTHER_LDFLAGS = (
					"-all_load",
					"-ObjC",
				);
				SDKROOT = iphoneos;
				VALIDATE_PRODUCT = YES;
			};
			name = Release;
		};
		C4BD883718705EE400128CD1 /* Debug */ = {
			isa = XCBuildConfiguration;
			buildSettings = {
				ASSETCATALOG_COMPILER_APPICON_NAME = AppIcon;
				ASSETCATALOG_COMPILER_LAUNCHIMAGE_NAME = LaunchImage;
				CODE_SIGN_IDENTITY = "iPhone Developer";
				"CODE_SIGN_IDENTITY[sdk=iphoneos*]" = "iPhone Developer";
				GCC_PRECOMPILE_PREFIX_HEADER = YES;
				GCC_PREFIX_HEADER = "MapAppGit/MapAppGit-Prefix.pch";
				HEADER_SEARCH_PATHS = "\"$(SRCROOT)/..\"/**";
				INFOPLIST_FILE = "MapAppGit/MapAppGit-Info.plist";
				LIBRARY_SEARCH_PATHS = "";
				OTHER_LDFLAGS = "-ObjC";
				PRODUCT_NAME = "$(TARGET_NAME)";
				PROVISIONING_PROFILE = "";
				WRAPPER_EXTENSION = app;
			};
			name = Debug;
		};
		C4BD883818705EE400128CD1 /* Release */ = {
			isa = XCBuildConfiguration;
			buildSettings = {
				ASSETCATALOG_COMPILER_APPICON_NAME = AppIcon;
				ASSETCATALOG_COMPILER_LAUNCHIMAGE_NAME = LaunchImage;
				CODE_SIGN_IDENTITY = "iPhone Developer";
				"CODE_SIGN_IDENTITY[sdk=iphoneos*]" = "iPhone Developer";
				GCC_PRECOMPILE_PREFIX_HEADER = YES;
				GCC_PREFIX_HEADER = "MapAppGit/MapAppGit-Prefix.pch";
				HEADER_SEARCH_PATHS = "\"$(SRCROOT)/..\"/**";
				INFOPLIST_FILE = "MapAppGit/MapAppGit-Info.plist";
				LIBRARY_SEARCH_PATHS = "";
				OTHER_LDFLAGS = "-ObjC";
				PRODUCT_NAME = "$(TARGET_NAME)";
				PROVISIONING_PROFILE = "";
				WRAPPER_EXTENSION = app;
			};
			name = Release;
		};
		C4BD883A18705EE400128CD1 /* Debug */ = {
			isa = XCBuildConfiguration;
			buildSettings = {
				ARCHS = "$(ARCHS_STANDARD_INCLUDING_64_BIT)";
				BUNDLE_LOADER = "$(BUILT_PRODUCTS_DIR)/MapAppGit.app/MapAppGit";
				FRAMEWORK_SEARCH_PATHS = (
					"$(SDKROOT)/Developer/Library/Frameworks",
					"$(inherited)",
					"$(DEVELOPER_FRAMEWORKS_DIR)",
				);
				GCC_PRECOMPILE_PREFIX_HEADER = YES;
				GCC_PREFIX_HEADER = "MapAppGit/MapAppGit-Prefix.pch";
				GCC_PREPROCESSOR_DEFINITIONS = (
					"DEBUG=1",
					"$(inherited)",
				);
				INFOPLIST_FILE = "MapAppGitTests/MapAppGitTests-Info.plist";
				PRODUCT_NAME = "$(TARGET_NAME)";
				TEST_HOST = "$(BUNDLE_LOADER)";
				WRAPPER_EXTENSION = xctest;
			};
			name = Debug;
		};
		C4BD883B18705EE400128CD1 /* Release */ = {
			isa = XCBuildConfiguration;
			buildSettings = {
				ARCHS = "$(ARCHS_STANDARD_INCLUDING_64_BIT)";
				BUNDLE_LOADER = "$(BUILT_PRODUCTS_DIR)/MapAppGit.app/MapAppGit";
				FRAMEWORK_SEARCH_PATHS = (
					"$(SDKROOT)/Developer/Library/Frameworks",
					"$(inherited)",
					"$(DEVELOPER_FRAMEWORKS_DIR)",
				);
				GCC_PRECOMPILE_PREFIX_HEADER = YES;
				GCC_PREFIX_HEADER = "MapAppGit/MapAppGit-Prefix.pch";
				INFOPLIST_FILE = "MapAppGitTests/MapAppGitTests-Info.plist";
				PRODUCT_NAME = "$(TARGET_NAME)";
				TEST_HOST = "$(BUNDLE_LOADER)";
				WRAPPER_EXTENSION = xctest;
			};
			name = Release;
		};
/* End XCBuildConfiguration section */

/* Begin XCConfigurationList section */
		C4BD87FF18705EE400128CD1 /* Build configuration list for PBXProject "MapAppGit" */ = {
			isa = XCConfigurationList;
			buildConfigurations = (
				C4BD883418705EE400128CD1 /* Debug */,
				C4BD883518705EE400128CD1 /* Release */,
			);
			defaultConfigurationIsVisible = 0;
			defaultConfigurationName = Release;
		};
		C4BD883618705EE400128CD1 /* Build configuration list for PBXNativeTarget "MapAppGit" */ = {
			isa = XCConfigurationList;
			buildConfigurations = (
				C4BD883718705EE400128CD1 /* Debug */,
				C4BD883818705EE400128CD1 /* Release */,
			);
			defaultConfigurationIsVisible = 0;
			defaultConfigurationName = Release;
		};
		C4BD883918705EE400128CD1 /* Build configuration list for PBXNativeTarget "MapAppGitTests" */ = {
			isa = XCConfigurationList;
			buildConfigurations = (
				C4BD883A18705EE400128CD1 /* Debug */,
				C4BD883B18705EE400128CD1 /* Release */,
			);
			defaultConfigurationIsVisible = 0;
			defaultConfigurationName = Release;
		};
/* End XCConfigurationList section */

/* Begin XCVersionGroup section */
		C4BD881B18705EE400128CD1 /* MapAppGit.xcdatamodeld */ = {
			isa = XCVersionGroup;
			children = (
				C4BD881C18705EE400128CD1 /* MapAppGit.xcdatamodel */,
			);
			currentVersion = C4BD881C18705EE400128CD1 /* MapAppGit.xcdatamodel */;
			path = MapAppGit.xcdatamodeld;
			sourceTree = "<group>";
			versionGroupType = wrapper.xcdatamodel;
		};
/* End XCVersionGroup section */
	};
	rootObject = C4BD87FC18705EE400128CD1 /* Project object */;
}
