// !$*UTF8*$!
{
	archiveVersion = 1;
	classes = {
	};
	objectVersion = 46;
	objects = {

/* Begin PBXBuildFile section */
		0A1A04341924BA2500B81664 /* DIBarButton.m in Sources */ = {isa = PBXBuildFile; fileRef = 0A1A04331924BA2500B81664 /* DIBarButton.m */; };
		0A1A044D1929D1F100B81664 /* list_button_toMap@2x.png in Resources */ = {isa = PBXBuildFile; fileRef = 0A1A04451929D1F100B81664 /* list_button_toMap@2x.png */; };
		0A1A044E1929D1F100B81664 /* list_button_menu@2x.png in Resources */ = {isa = PBXBuildFile; fileRef = 0A1A04461929D1F100B81664 /* list_button_menu@2x.png */; };
		0A1A044F1929D1F100B81664 /* list_button_info@2x.png in Resources */ = {isa = PBXBuildFile; fileRef = 0A1A04471929D1F100B81664 /* list_button_info@2x.png */; };
		0A1A04501929D1F100B81664 /* list_button_add_released@2x.png in Resources */ = {isa = PBXBuildFile; fileRef = 0A1A04481929D1F100B81664 /* list_button_add_released@2x.png */; };
		0A1A04511929D1F100B81664 /* list_button_add_pressed@2x.png in Resources */ = {isa = PBXBuildFile; fileRef = 0A1A04491929D1F100B81664 /* list_button_add_pressed@2x.png */; };
		0A1A04521929D1F100B81664 /* info_tittlebar_button_back@2x.png in Resources */ = {isa = PBXBuildFile; fileRef = 0A1A044A1929D1F100B81664 /* info_tittlebar_button_back@2x.png */; };
		0A1A04531929D1F100B81664 /* info_tittlebar_button_add_unpressed@2x.png in Resources */ = {isa = PBXBuildFile; fileRef = 0A1A044B1929D1F100B81664 /* info_tittlebar_button_add_unpressed@2x.png */; };
		0A1A04541929D1F100B81664 /* info_tittlebar_button_add_pressed@2x.png in Resources */ = {isa = PBXBuildFile; fileRef = 0A1A044C1929D1F100B81664 /* info_tittlebar_button_add_pressed@2x.png */; };
		0A2C1B3D1923C66F0041CECF /* DIBaseVC.m in Sources */ = {isa = PBXBuildFile; fileRef = 0A2C1B3C1923C66F0041CECF /* DIBaseVC.m */; };
		0A872A00190968C400552932 /* DIHintManager.m in Sources */ = {isa = PBXBuildFile; fileRef = 0A8729FF190968C400552932 /* DIHintManager.m */; };
		0A872A0419096D3D00552932 /* DIHint.m in Sources */ = {isa = PBXBuildFile; fileRef = 0A872A0319096D3D00552932 /* DIHint.m */; };
		0ADC97FC1974500E00AE3499 /* ugLine1.png in Resources */ = {isa = PBXBuildFile; fileRef = 0ADC97F71974500E00AE3499 /* ugLine1.png */; };
		0ADC97FD1974500E00AE3499 /* ugLine2.png in Resources */ = {isa = PBXBuildFile; fileRef = 0ADC97F81974500E00AE3499 /* ugLine2.png */; };
		0ADC97FE1974500E00AE3499 /* ugLine3.png in Resources */ = {isa = PBXBuildFile; fileRef = 0ADC97F91974500E00AE3499 /* ugLine3.png */; };
		0ADC97FF1974500E00AE3499 /* ugLine4.png in Resources */ = {isa = PBXBuildFile; fileRef = 0ADC97FA1974500E00AE3499 /* ugLine4.png */; };
		0ADC9806197455D600AE3499 /* infoIconsPhone@2x.png in Resources */ = {isa = PBXBuildFile; fileRef = 0ADC9805197455D600AE3499 /* infoIconsPhone@2x.png */; };
		0ADC98081974572800AE3499 /* ugLine5.png in Resources */ = {isa = PBXBuildFile; fileRef = 0ADC98071974572800AE3499 /* ugLine5.png */; };
		0ADC981C1977A55600AE3499 /* infoClosureShadow@2x.png in Resources */ = {isa = PBXBuildFile; fileRef = 0ADC981B1977A55600AE3499 /* infoClosureShadow@2x.png */; };
		C411E2581930F81F00C9A8EF /* DIHeaderView.m in Sources */ = {isa = PBXBuildFile; fileRef = C411E2571930F81F00C9A8EF /* DIHeaderView.m */; };
		C411E25A1930F97D00C9A8EF /* DIHeaderView.xib in Resources */ = {isa = PBXBuildFile; fileRef = C411E2591930F97D00C9A8EF /* DIHeaderView.xib */; };
		C411E25C1930FC2500C9A8EF /* info_closure@2x.png in Resources */ = {isa = PBXBuildFile; fileRef = C411E25B1930FC2500C9A8EF /* info_closure@2x.png */; };
		C411E25F19310AF800C9A8EF /* DICardTVItem.m in Sources */ = {isa = PBXBuildFile; fileRef = C411E25E19310AF800C9A8EF /* DICardTVItem.m */; };
		C42EE3A5194B05FC00B9FDEF /* SightsBase.sqlite in Resources */ = {isa = PBXBuildFile; fileRef = C42EE3A2194B05FC00B9FDEF /* SightsBase.sqlite */; };
		C42EE3A6194B05FC00B9FDEF /* SightsBase.sqlite-shm in Resources */ = {isa = PBXBuildFile; fileRef = C42EE3A3194B05FC00B9FDEF /* SightsBase.sqlite-shm */; };
		C42EE3A7194B05FC00B9FDEF /* SightsBase.sqlite-wal in Resources */ = {isa = PBXBuildFile; fileRef = C42EE3A4194B05FC00B9FDEF /* SightsBase.sqlite-wal */; };
		C42EE3B3194B4CCC00B9FDEF /* info_button_collapseClosure@2x.png in Resources */ = {isa = PBXBuildFile; fileRef = C42EE3B1194B4CCC00B9FDEF /* info_button_collapseClosure@2x.png */; };
		C42EE3B4194B4CCC00B9FDEF /* info_button_expandClosure@2x.png in Resources */ = {isa = PBXBuildFile; fileRef = C42EE3B2194B4CCC00B9FDEF /* info_button_expandClosure@2x.png */; };
		C43741E31902C8590095D51E /* rus_spb_10_15.sqlite in Resources */ = {isa = PBXBuildFile; fileRef = C43741E21902C8590095D51E /* rus_spb_10_15.sqlite */; };
		C43741F01906E81C0095D51E /* DILocationManager.m in Sources */ = {isa = PBXBuildFile; fileRef = C43741EF1906E81C0095D51E /* DILocationManager.m */; };
		C43741FD190BAB020095D51E /* DISightCardVC.m in Sources */ = {isa = PBXBuildFile; fileRef = C43741FB190BAB020095D51E /* DISightCardVC.m */; };
		C43741FE190BAB020095D51E /* DISightCardVC.xib in Resources */ = {isa = PBXBuildFile; fileRef = C43741FC190BAB020095D51E /* DISightCardVC.xib */; };
		C4374202190BAC440095D51E /* DISight.m in Sources */ = {isa = PBXBuildFile; fileRef = C4374201190BAC440095D51E /* DISight.m */; };
		C46D1E691942FAF10063CFB4 /* list_buttonBar_background_128@2x.png in Resources */ = {isa = PBXBuildFile; fileRef = C46D1E681942FAF10063CFB4 /* list_buttonBar_background_128@2x.png */; };
		C492EF7F1973014300CB88FA /* ico_audioguide_free@2x.png in Resources */ = {isa = PBXBuildFile; fileRef = C492EF791973014300CB88FA /* ico_audioguide_free@2x.png */; };
		C492EF801973014300CB88FA /* ico_audioguide@2x.png in Resources */ = {isa = PBXBuildFile; fileRef = C492EF7A1973014300CB88FA /* ico_audioguide@2x.png */; };
		C492EF811973014300CB88FA /* ico_photo_free@2x.png in Resources */ = {isa = PBXBuildFile; fileRef = C492EF7B1973014300CB88FA /* ico_photo_free@2x.png */; };
		C492EF821973014300CB88FA /* ico_photo@2x.png in Resources */ = {isa = PBXBuildFile; fileRef = C492EF7C1973014300CB88FA /* ico_photo@2x.png */; };
		C492EF831973014300CB88FA /* ico_wifi_free@2x.png in Resources */ = {isa = PBXBuildFile; fileRef = C492EF7D1973014300CB88FA /* ico_wifi_free@2x.png */; };
		C492EF841973014300CB88FA /* ico_wifi@2x.png in Resources */ = {isa = PBXBuildFile; fileRef = C492EF7E1973014300CB88FA /* ico_wifi@2x.png */; };
		C4956450191E1E3900612A00 /* spb1.jpg in Resources */ = {isa = PBXBuildFile; fileRef = C495644B191E1E3900612A00 /* spb1.jpg */; };
		C4956451191E1E3900612A00 /* spb2.jpg in Resources */ = {isa = PBXBuildFile; fileRef = C495644C191E1E3900612A00 /* spb2.jpg */; };
		C4956452191E1E3900612A00 /* spb3.jpg in Resources */ = {isa = PBXBuildFile; fileRef = C495644D191E1E3900612A00 /* spb3.jpg */; };
		C4956453191E1E3900612A00 /* spb4.jpg in Resources */ = {isa = PBXBuildFile; fileRef = C495644E191E1E3900612A00 /* spb4.jpg */; };
		C4956454191E1E3900612A00 /* spb5.jpg in Resources */ = {isa = PBXBuildFile; fileRef = C495644F191E1E3900612A00 /* spb5.jpg */; };
		C4956461191E260C00612A00 /* DIListMapVC.m in Sources */ = {isa = PBXBuildFile; fileRef = C495645F191E260C00612A00 /* DIListMapVC.m */; };
		C495646A191EB6DF00612A00 /* DIDoubleSwipeView.m in Sources */ = {isa = PBXBuildFile; fileRef = C4956469191EB6DF00612A00 /* DIDoubleSwipeView.m */; };
		C49564881925608400612A00 /* info_buttonbar_bottom_background@2x.png in Resources */ = {isa = PBXBuildFile; fileRef = C49564861925608400612A00 /* info_buttonbar_bottom_background@2x.png */; };
		C49564891925608400612A00 /* list_buttonBar_background@2x.png in Resources */ = {isa = PBXBuildFile; fileRef = C49564871925608400612A00 /* list_buttonBar_background@2x.png */; };
		C49564991928B78700612A00 /* list_cell_background@2x.png in Resources */ = {isa = PBXBuildFile; fileRef = C49564981928B78700612A00 /* list_cell_background@2x.png */; };
		C495649B1928EACF00612A00 /* DICell2.xib in Resources */ = {isa = PBXBuildFile; fileRef = C495649A1928EACF00612A00 /* DICell2.xib */; };
		C49972581896ED0500A8DA98 /* marker-blue-withletter.png in Resources */ = {isa = PBXBuildFile; fileRef = C49972541896ED0500A8DA98 /* marker-blue-withletter.png */; };
		C49972591896ED0500A8DA98 /* marker-blue.png in Resources */ = {isa = PBXBuildFile; fileRef = C49972551896ED0500A8DA98 /* marker-blue.png */; };
		C499725A1896ED0500A8DA98 /* marker-red-withletter.png in Resources */ = {isa = PBXBuildFile; fileRef = C49972561896ED0500A8DA98 /* marker-red-withletter.png */; };
		C499725B1896ED0500A8DA98 /* marker-red.png in Resources */ = {isa = PBXBuildFile; fileRef = C49972571896ED0500A8DA98 /* marker-red.png */; };
		C4A71449191CFEED0056EB30 /* DILayout.m in Sources */ = {isa = PBXBuildFile; fileRef = C4A71441191CFEED0056EB30 /* DILayout.m */; };
		C4A7144A191CFEED0056EB30 /* DICell.m in Sources */ = {isa = PBXBuildFile; fileRef = C4A71444191CFEED0056EB30 /* DICell.m */; };
		C4A7144B191CFEED0056EB30 /* DICell.xib in Resources */ = {isa = PBXBuildFile; fileRef = C4A71445191CFEED0056EB30 /* DICell.xib */; };
		C4A7144C191CFEED0056EB30 /* ListVC.m in Sources */ = {isa = PBXBuildFile; fileRef = C4A71448191CFEED0056EB30 /* ListVC.m */; };
		C4BB1A39187AF9910067C041 /* DIMapSourceManager.m in Sources */ = {isa = PBXBuildFile; fileRef = C4BB1A38187AF9910067C041 /* DIMapSourceManager.m */; };
		C4BD880818705EE400128CD1 /* Foundation.framework in Frameworks */ = {isa = PBXBuildFile; fileRef = C4BD880718705EE400128CD1 /* Foundation.framework */; };
		C4BD880A18705EE400128CD1 /* CoreGraphics.framework in Frameworks */ = {isa = PBXBuildFile; fileRef = C4BD880918705EE400128CD1 /* CoreGraphics.framework */; };
		C4BD880C18705EE400128CD1 /* UIKit.framework in Frameworks */ = {isa = PBXBuildFile; fileRef = C4BD880B18705EE400128CD1 /* UIKit.framework */; };
		C4BD880E18705EE400128CD1 /* CoreData.framework in Frameworks */ = {isa = PBXBuildFile; fileRef = C4BD880D18705EE400128CD1 /* CoreData.framework */; };
		C4BD881418705EE400128CD1 /* InfoPlist.strings in Resources */ = {isa = PBXBuildFile; fileRef = C4BD881218705EE400128CD1 /* InfoPlist.strings */; };
		C4BD881618705EE400128CD1 /* main.m in Sources */ = {isa = PBXBuildFile; fileRef = C4BD881518705EE400128CD1 /* main.m */; };
		C4BD881A18705EE400128CD1 /* DIAppDelegate.m in Sources */ = {isa = PBXBuildFile; fileRef = C4BD881918705EE400128CD1 /* DIAppDelegate.m */; };
		C4BD881D18705EE400128CD1 /* SightBaseConverter.xcdatamodeld in Sources */ = {isa = PBXBuildFile; fileRef = C4BD881B18705EE400128CD1 /* SightBaseConverter.xcdatamodeld */; };
		C4BD881F18705EE400128CD1 /* Images.xcassets in Resources */ = {isa = PBXBuildFile; fileRef = C4BD881E18705EE400128CD1 /* Images.xcassets */; };
		C4BD882618705EE400128CD1 /* XCTest.framework in Frameworks */ = {isa = PBXBuildFile; fileRef = C4BD882518705EE400128CD1 /* XCTest.framework */; };
		C4BD882718705EE400128CD1 /* Foundation.framework in Frameworks */ = {isa = PBXBuildFile; fileRef = C4BD880718705EE400128CD1 /* Foundation.framework */; };
		C4BD882818705EE400128CD1 /* UIKit.framework in Frameworks */ = {isa = PBXBuildFile; fileRef = C4BD880B18705EE400128CD1 /* UIKit.framework */; };
		C4BD882918705EE400128CD1 /* CoreData.framework in Frameworks */ = {isa = PBXBuildFile; fileRef = C4BD880D18705EE400128CD1 /* CoreData.framework */; };
		C4BD883118705EE400128CD1 /* InfoPlist.strings in Resources */ = {isa = PBXBuildFile; fileRef = C4BD882F18705EE400128CD1 /* InfoPlist.strings */; };
		C4BD883318705EE400128CD1 /* MapAppGitTests.m in Sources */ = {isa = PBXBuildFile; fileRef = C4BD883218705EE400128CD1 /* MapAppGitTests.m */; };
		C4BD88411870612900128CD1 /* DIMapController.m in Sources */ = {isa = PBXBuildFile; fileRef = C4BD883F1870612900128CD1 /* DIMapController.m */; };
		C4BD88421870612900128CD1 /* DIMapController.xib in Resources */ = {isa = PBXBuildFile; fileRef = C4BD88401870612900128CD1 /* DIMapController.xib */; };
		C4BD885318706E9000128CD1 /* libsqlite3.dylib in Frameworks */ = {isa = PBXBuildFile; fileRef = C4BD885218706E9000128CD1 /* libsqlite3.dylib */; };
		C4BD885518706E9900128CD1 /* CoreLocation.framework in Frameworks */ = {isa = PBXBuildFile; fileRef = C4BD885418706E9900128CD1 /* CoreLocation.framework */; };
		C4BD885718706EA300128CD1 /* QuartzCore.framework in Frameworks */ = {isa = PBXBuildFile; fileRef = C4BD885618706EA300128CD1 /* QuartzCore.framework */; };
		C4BD885A18707A0100128CD1 /* libz.dylib in Frameworks */ = {isa = PBXBuildFile; fileRef = C4BD885918707A0100128CD1 /* libz.dylib */; };
		C4BD88611870822900128CD1 /* DITilesDownloader.m in Sources */ = {isa = PBXBuildFile; fileRef = C4BD88601870822900128CD1 /* DITilesDownloader.m */; };
		C4BD887218708C1D00128CD1 /* libMapView.a in Frameworks */ = {isa = PBXBuildFile; fileRef = C4BD887118708C1D00128CD1 /* libMapView.a */; };
		C4BD888A1870949700128CD1 /* DICloudeMadeManager.m in Sources */ = {isa = PBXBuildFile; fileRef = C4BD88891870949700128CD1 /* DICloudeMadeManager.m */; };
		C4ECD28A1969B55600D733B0 /* Localizable.strings in Resources */ = {isa = PBXBuildFile; fileRef = C4ECD28C1969B55600D733B0 /* Localizable.strings */; };
		C4ECD29619712E5A00D733B0 /* info_price@2x.png in Resources */ = {isa = PBXBuildFile; fileRef = C4ECD29419712E5A00D733B0 /* info_price@2x.png */; };
		C4ECD29719712E5A00D733B0 /* list_status_worktime@2x.png in Resources */ = {isa = PBXBuildFile; fileRef = C4ECD29519712E5A00D733B0 /* list_status_worktime@2x.png */; };
		C4ECD2A11971320F00D733B0 /* NSString+RectForSize.m in Sources */ = {isa = PBXBuildFile; fileRef = C4ECD2A01971320F00D733B0 /* NSString+RectForSize.m */; };
		C4ECD2A51971405100D733B0 /* info_roubles@2x.png in Resources */ = {isa = PBXBuildFile; fileRef = C4ECD2A41971405100D733B0 /* info_roubles@2x.png */; };
		C4FAD17E18FD924F007871B9 /* DISightsManager.m in Sources */ = {isa = PBXBuildFile; fileRef = C4FAD17D18FD924F007871B9 /* DISightsManager.m */; };
		C4FAD18418FEF69E007871B9 /* arrow.jpeg in Resources */ = {isa = PBXBuildFile; fileRef = C4FAD18318FEF69E007871B9 /* arrow.jpeg */; };
/* End PBXBuildFile section */

/* Begin PBXContainerItemProxy section */
		C4BD882A18705EE400128CD1 /* PBXContainerItemProxy */ = {
			isa = PBXContainerItemProxy;
			containerPortal = C4BD87FC18705EE400128CD1 /* Project object */;
			proxyType = 1;
			remoteGlobalIDString = C4BD880318705EE400128CD1;
			remoteInfo = MapAppGit;
		};
		C4BD887B18708C8300128CD1 /* PBXContainerItemProxy */ = {
			isa = PBXContainerItemProxy;
			containerPortal = C4BD886218708BCF00128CD1 /* MapView.xcodeproj */;
			proxyType = 2;
			remoteGlobalIDString = 17F31EFA1331050A00122B16;
			remoteInfo = MapView;
		};
		C4BD887D18708C8300128CD1 /* PBXContainerItemProxy */ = {
			isa = PBXContainerItemProxy;
			containerPortal = C4BD886218708BCF00128CD1 /* MapView.xcodeproj */;
			proxyType = 2;
			remoteGlobalIDString = 17157D87133BBC8300E28941;
			remoteInfo = MapViewTests;
		};
		C4BD887F18708C8300128CD1 /* PBXContainerItemProxy */ = {
			isa = PBXContainerItemProxy;
			containerPortal = C4BD886218708BCF00128CD1 /* MapView.xcodeproj */;
			proxyType = 2;
			remoteGlobalIDString = 2BF3078F0F8AC5C0007014EE;
			remoteInfo = "Unit Tests";
		};
		C4BD888118708C8C00128CD1 /* PBXContainerItemProxy */ = {
			isa = PBXContainerItemProxy;
			containerPortal = C4BD886218708BCF00128CD1 /* MapView.xcodeproj */;
			proxyType = 1;
			remoteGlobalIDString = B8C974130E8A19B2007D16AD;
			remoteInfo = MapView;
		};
/* End PBXContainerItemProxy section */

/* Begin PBXFileReference section */
		0A1A04321924BA2500B81664 /* DIBarButton.h */ = {isa = PBXFileReference; fileEncoding = 4; lastKnownFileType = sourcecode.c.h; name = DIBarButton.h; path = Classes/Views/Buttons/BarButton/DIBarButton.h; sourceTree = "<group>"; };
		0A1A04331924BA2500B81664 /* DIBarButton.m */ = {isa = PBXFileReference; fileEncoding = 4; lastKnownFileType = sourcecode.c.objc; name = DIBarButton.m; path = Classes/Views/Buttons/BarButton/DIBarButton.m; sourceTree = "<group>"; };
		0A1A04451929D1F100B81664 /* list_button_toMap@2x.png */ = {isa = PBXFileReference; lastKnownFileType = image.png; path = "list_button_toMap@2x.png"; sourceTree = "<group>"; };
		0A1A04461929D1F100B81664 /* list_button_menu@2x.png */ = {isa = PBXFileReference; lastKnownFileType = image.png; path = "list_button_menu@2x.png"; sourceTree = "<group>"; };
		0A1A04471929D1F100B81664 /* list_button_info@2x.png */ = {isa = PBXFileReference; lastKnownFileType = image.png; path = "list_button_info@2x.png"; sourceTree = "<group>"; };
		0A1A04481929D1F100B81664 /* list_button_add_released@2x.png */ = {isa = PBXFileReference; lastKnownFileType = image.png; path = "list_button_add_released@2x.png"; sourceTree = "<group>"; };
		0A1A04491929D1F100B81664 /* list_button_add_pressed@2x.png */ = {isa = PBXFileReference; lastKnownFileType = image.png; path = "list_button_add_pressed@2x.png"; sourceTree = "<group>"; };
		0A1A044A1929D1F100B81664 /* info_tittlebar_button_back@2x.png */ = {isa = PBXFileReference; lastKnownFileType = image.png; path = "info_tittlebar_button_back@2x.png"; sourceTree = "<group>"; };
		0A1A044B1929D1F100B81664 /* info_tittlebar_button_add_unpressed@2x.png */ = {isa = PBXFileReference; lastKnownFileType = image.png; path = "info_tittlebar_button_add_unpressed@2x.png"; sourceTree = "<group>"; };
		0A1A044C1929D1F100B81664 /* info_tittlebar_button_add_pressed@2x.png */ = {isa = PBXFileReference; lastKnownFileType = image.png; path = "info_tittlebar_button_add_pressed@2x.png"; sourceTree = "<group>"; };
		0A2C1B3B1923C66F0041CECF /* DIBaseVC.h */ = {isa = PBXFileReference; fileEncoding = 4; lastKnownFileType = sourcecode.c.h; name = DIBaseVC.h; path = Classes/ViewControllers/BaseVC/DIBaseVC.h; sourceTree = "<group>"; };
		0A2C1B3C1923C66F0041CECF /* DIBaseVC.m */ = {isa = PBXFileReference; fileEncoding = 4; lastKnownFileType = sourcecode.c.objc; name = DIBaseVC.m; path = Classes/ViewControllers/BaseVC/DIBaseVC.m; sourceTree = "<group>"; };
		0A8729FE190968C400552932 /* DIHintManager.h */ = {isa = PBXFileReference; fileEncoding = 4; lastKnownFileType = sourcecode.c.h; name = DIHintManager.h; path = Classes/Managers/HintManager/DIHintManager.h; sourceTree = "<group>"; };
		0A8729FF190968C400552932 /* DIHintManager.m */ = {isa = PBXFileReference; fileEncoding = 4; lastKnownFileType = sourcecode.c.objc; name = DIHintManager.m; path = Classes/Managers/HintManager/DIHintManager.m; sourceTree = "<group>"; };
		0A872A0219096D3D00552932 /* DIHint.h */ = {isa = PBXFileReference; fileEncoding = 4; lastKnownFileType = sourcecode.c.h; name = DIHint.h; path = Classes/Objects/Hint/DIHint.h; sourceTree = "<group>"; };
		0A872A0319096D3D00552932 /* DIHint.m */ = {isa = PBXFileReference; fileEncoding = 4; lastKnownFileType = sourcecode.c.objc; name = DIHint.m; path = Classes/Objects/Hint/DIHint.m; sourceTree = "<group>"; };
		0ADC97F71974500E00AE3499 /* ugLine1.png */ = {isa = PBXFileReference; lastKnownFileType = image.png; name = ugLine1.png; path = MapAppGit/Images/Icons/Contacts/ugLine1.png; sourceTree = SOURCE_ROOT; };
		0ADC97F81974500E00AE3499 /* ugLine2.png */ = {isa = PBXFileReference; lastKnownFileType = image.png; name = ugLine2.png; path = MapAppGit/Images/Icons/Contacts/ugLine2.png; sourceTree = SOURCE_ROOT; };
		0ADC97F91974500E00AE3499 /* ugLine3.png */ = {isa = PBXFileReference; lastKnownFileType = image.png; name = ugLine3.png; path = MapAppGit/Images/Icons/Contacts/ugLine3.png; sourceTree = SOURCE_ROOT; };
		0ADC97FA1974500E00AE3499 /* ugLine4.png */ = {isa = PBXFileReference; lastKnownFileType = image.png; name = ugLine4.png; path = MapAppGit/Images/Icons/Contacts/ugLine4.png; sourceTree = SOURCE_ROOT; };
		0ADC9805197455D600AE3499 /* infoIconsPhone@2x.png */ = {isa = PBXFileReference; lastKnownFileType = image.png; name = "infoIconsPhone@2x.png"; path = "MapAppGit/Images/Icons/Contacts/infoIconsPhone@2x.png"; sourceTree = SOURCE_ROOT; };
		0ADC98071974572800AE3499 /* ugLine5.png */ = {isa = PBXFileReference; lastKnownFileType = image.png; name = ugLine5.png; path = MapAppGit/Images/Icons/Contacts/ugLine5.png; sourceTree = SOURCE_ROOT; };
		0ADC981B1977A55600AE3499 /* infoClosureShadow@2x.png */ = {isa = PBXFileReference; lastKnownFileType = image.png; name = "infoClosureShadow@2x.png"; path = "MapAppGit/Images/Icons/Contacts/infoClosureShadow@2x.png"; sourceTree = SOURCE_ROOT; };
		C411E2561930F81F00C9A8EF /* DIHeaderView.h */ = {isa = PBXFileReference; fileEncoding = 4; lastKnownFileType = sourcecode.c.h; name = DIHeaderView.h; path = Classes/ViewControllers/SightCardVC/CardHeaderView/DIHeaderView.h; sourceTree = "<group>"; };
		C411E2571930F81F00C9A8EF /* DIHeaderView.m */ = {isa = PBXFileReference; fileEncoding = 4; lastKnownFileType = sourcecode.c.objc; name = DIHeaderView.m; path = Classes/ViewControllers/SightCardVC/CardHeaderView/DIHeaderView.m; sourceTree = "<group>"; };
		C411E2591930F97D00C9A8EF /* DIHeaderView.xib */ = {isa = PBXFileReference; fileEncoding = 4; lastKnownFileType = file.xib; name = DIHeaderView.xib; path = Classes/ViewControllers/SightCardVC/CardHeaderView/DIHeaderView.xib; sourceTree = "<group>"; };
		C411E25B1930FC2500C9A8EF /* info_closure@2x.png */ = {isa = PBXFileReference; lastKnownFileType = image.png; name = "info_closure@2x.png"; path = "Backgrounds/info_closure@2x.png"; sourceTree = "<group>"; };
		C411E25D19310AF800C9A8EF /* DICardTVItem.h */ = {isa = PBXFileReference; fileEncoding = 4; lastKnownFileType = sourcecode.c.h; name = DICardTVItem.h; path = Classes/ViewControllers/SightCardVC/CardTVItem/DICardTVItem.h; sourceTree = "<group>"; };
		C411E25E19310AF800C9A8EF /* DICardTVItem.m */ = {isa = PBXFileReference; fileEncoding = 4; lastKnownFileType = sourcecode.c.objc; name = DICardTVItem.m; path = Classes/ViewControllers/SightCardVC/CardTVItem/DICardTVItem.m; sourceTree = "<group>"; };
		C42EE3A2194B05FC00B9FDEF /* SightsBase.sqlite */ = {isa = PBXFileReference; lastKnownFileType = file; path = SightsBase.sqlite; sourceTree = "<group>"; };
		C42EE3A3194B05FC00B9FDEF /* SightsBase.sqlite-shm */ = {isa = PBXFileReference; lastKnownFileType = file; path = "SightsBase.sqlite-shm"; sourceTree = "<group>"; };
		C42EE3A4194B05FC00B9FDEF /* SightsBase.sqlite-wal */ = {isa = PBXFileReference; lastKnownFileType = file; path = "SightsBase.sqlite-wal"; sourceTree = "<group>"; };
		C42EE3B1194B4CCC00B9FDEF /* info_button_collapseClosure@2x.png */ = {isa = PBXFileReference; lastKnownFileType = image.png; path = "info_button_collapseClosure@2x.png"; sourceTree = "<group>"; };
		C42EE3B2194B4CCC00B9FDEF /* info_button_expandClosure@2x.png */ = {isa = PBXFileReference; lastKnownFileType = image.png; path = "info_button_expandClosure@2x.png"; sourceTree = "<group>"; };
		C43741E21902C8590095D51E /* rus_spb_10_15.sqlite */ = {isa = PBXFileReference; lastKnownFileType = file; name = rus_spb_10_15.sqlite; path = MapAppGit/Bases/Maps/rus_spb_10_15.sqlite; sourceTree = SOURCE_ROOT; };
		C43741EE1906E81C0095D51E /* DILocationManager.h */ = {isa = PBXFileReference; fileEncoding = 4; lastKnownFileType = sourcecode.c.h; name = DILocationManager.h; path = Classes/Managers/LocationManager/DILocationManager.h; sourceTree = "<group>"; };
		C43741EF1906E81C0095D51E /* DILocationManager.m */ = {isa = PBXFileReference; fileEncoding = 4; lastKnownFileType = sourcecode.c.objc; name = DILocationManager.m; path = Classes/Managers/LocationManager/DILocationManager.m; sourceTree = "<group>"; };
		C43741FA190BAB020095D51E /* DISightCardVC.h */ = {isa = PBXFileReference; fileEncoding = 4; lastKnownFileType = sourcecode.c.h; name = DISightCardVC.h; path = Classes/ViewControllers/SightCardVC/DISightCardVC.h; sourceTree = "<group>"; };
		C43741FB190BAB020095D51E /* DISightCardVC.m */ = {isa = PBXFileReference; fileEncoding = 4; lastKnownFileType = sourcecode.c.objc; name = DISightCardVC.m; path = Classes/ViewControllers/SightCardVC/DISightCardVC.m; sourceTree = "<group>"; };
		C43741FC190BAB020095D51E /* DISightCardVC.xib */ = {isa = PBXFileReference; fileEncoding = 4; lastKnownFileType = file.xib; name = DISightCardVC.xib; path = Classes/ViewControllers/SightCardVC/DISightCardVC.xib; sourceTree = "<group>"; };
		C4374200190BAC440095D51E /* DISight.h */ = {isa = PBXFileReference; fileEncoding = 4; lastKnownFileType = sourcecode.c.h; name = DISight.h; path = Classes/Objects/Sight/DISight.h; sourceTree = "<group>"; };
		C4374201190BAC440095D51E /* DISight.m */ = {isa = PBXFileReference; fileEncoding = 4; lastKnownFileType = sourcecode.c.objc; name = DISight.m; path = Classes/Objects/Sight/DISight.m; sourceTree = "<group>"; };
		C46D1E681942FAF10063CFB4 /* list_buttonBar_background_128@2x.png */ = {isa = PBXFileReference; lastKnownFileType = image.png; name = "list_buttonBar_background_128@2x.png"; path = "Backgrounds/list_buttonBar_background_128@2x.png"; sourceTree = "<group>"; };
		C46D1E7C1943391F0063CFB4 /* DIAppDefaults.h */ = {isa = PBXFileReference; lastKnownFileType = sourcecode.c.h; path = DIAppDefaults.h; sourceTree = "<group>"; };
		C492EF791973014300CB88FA /* ico_audioguide_free@2x.png */ = {isa = PBXFileReference; lastKnownFileType = image.png; path = "ico_audioguide_free@2x.png"; sourceTree = "<group>"; };
		C492EF7A1973014300CB88FA /* ico_audioguide@2x.png */ = {isa = PBXFileReference; lastKnownFileType = image.png; path = "ico_audioguide@2x.png"; sourceTree = "<group>"; };
		C492EF7B1973014300CB88FA /* ico_photo_free@2x.png */ = {isa = PBXFileReference; lastKnownFileType = image.png; path = "ico_photo_free@2x.png"; sourceTree = "<group>"; };
		C492EF7C1973014300CB88FA /* ico_photo@2x.png */ = {isa = PBXFileReference; lastKnownFileType = image.png; path = "ico_photo@2x.png"; sourceTree = "<group>"; };
		C492EF7D1973014300CB88FA /* ico_wifi_free@2x.png */ = {isa = PBXFileReference; lastKnownFileType = image.png; path = "ico_wifi_free@2x.png"; sourceTree = "<group>"; };
		C492EF7E1973014300CB88FA /* ico_wifi@2x.png */ = {isa = PBXFileReference; lastKnownFileType = image.png; path = "ico_wifi@2x.png"; sourceTree = "<group>"; };
		C495644B191E1E3900612A00 /* spb1.jpg */ = {isa = PBXFileReference; lastKnownFileType = image.jpeg; path = spb1.jpg; sourceTree = "<group>"; };
		C495644C191E1E3900612A00 /* spb2.jpg */ = {isa = PBXFileReference; lastKnownFileType = image.jpeg; path = spb2.jpg; sourceTree = "<group>"; };
		C495644D191E1E3900612A00 /* spb3.jpg */ = {isa = PBXFileReference; lastKnownFileType = image.jpeg; path = spb3.jpg; sourceTree = "<group>"; };
		C495644E191E1E3900612A00 /* spb4.jpg */ = {isa = PBXFileReference; lastKnownFileType = image.jpeg; path = spb4.jpg; sourceTree = "<group>"; };
		C495644F191E1E3900612A00 /* spb5.jpg */ = {isa = PBXFileReference; lastKnownFileType = image.jpeg; path = spb5.jpg; sourceTree = "<group>"; };
		C495645E191E260C00612A00 /* DIListMapVC.h */ = {isa = PBXFileReference; fileEncoding = 4; lastKnownFileType = sourcecode.c.h; name = DIListMapVC.h; path = Classes/ViewControllers/ListMapVC/DIListMapVC.h; sourceTree = "<group>"; };
		C495645F191E260C00612A00 /* DIListMapVC.m */ = {isa = PBXFileReference; fileEncoding = 4; lastKnownFileType = sourcecode.c.objc; name = DIListMapVC.m; path = Classes/ViewControllers/ListMapVC/DIListMapVC.m; sourceTree = "<group>"; };
		C4956468191EB6DF00612A00 /* DIDoubleSwipeView.h */ = {isa = PBXFileReference; fileEncoding = 4; lastKnownFileType = sourcecode.c.h; name = DIDoubleSwipeView.h; path = Classes/Views/DIDoubleSwipeView.h; sourceTree = "<group>"; };
		C4956469191EB6DF00612A00 /* DIDoubleSwipeView.m */ = {isa = PBXFileReference; fileEncoding = 4; lastKnownFileType = sourcecode.c.objc; name = DIDoubleSwipeView.m; path = Classes/Views/DIDoubleSwipeView.m; sourceTree = "<group>"; };
		C49564861925608400612A00 /* info_buttonbar_bottom_background@2x.png */ = {isa = PBXFileReference; lastKnownFileType = image.png; name = "info_buttonbar_bottom_background@2x.png"; path = "Backgrounds/info_buttonbar_bottom_background@2x.png"; sourceTree = "<group>"; };
		C49564871925608400612A00 /* list_buttonBar_background@2x.png */ = {isa = PBXFileReference; lastKnownFileType = image.png; name = "list_buttonBar_background@2x.png"; path = "Backgrounds/list_buttonBar_background@2x.png"; sourceTree = "<group>"; };
		C49564981928B78700612A00 /* list_cell_background@2x.png */ = {isa = PBXFileReference; lastKnownFileType = image.png; name = "list_cell_background@2x.png"; path = "Backgrounds/list_cell_background@2x.png"; sourceTree = "<group>"; };
		C495649A1928EACF00612A00 /* DICell2.xib */ = {isa = PBXFileReference; fileEncoding = 4; lastKnownFileType = file.xib; path = DICell2.xib; sourceTree = "<group>"; };
		C49972541896ED0500A8DA98 /* marker-blue-withletter.png */ = {isa = PBXFileReference; lastKnownFileType = image.png; path = "marker-blue-withletter.png"; sourceTree = "<group>"; };
		C49972551896ED0500A8DA98 /* marker-blue.png */ = {isa = PBXFileReference; lastKnownFileType = image.png; path = "marker-blue.png"; sourceTree = "<group>"; };
		C49972561896ED0500A8DA98 /* marker-red-withletter.png */ = {isa = PBXFileReference; lastKnownFileType = image.png; path = "marker-red-withletter.png"; sourceTree = "<group>"; };
		C49972571896ED0500A8DA98 /* marker-red.png */ = {isa = PBXFileReference; lastKnownFileType = image.png; path = "marker-red.png"; sourceTree = "<group>"; };
		C4A71440191CFEED0056EB30 /* DILayout.h */ = {isa = PBXFileReference; fileEncoding = 4; lastKnownFileType = sourcecode.c.h; path = DILayout.h; sourceTree = "<group>"; };
		C4A71441191CFEED0056EB30 /* DILayout.m */ = {isa = PBXFileReference; fileEncoding = 4; lastKnownFileType = sourcecode.c.objc; path = DILayout.m; sourceTree = "<group>"; };
		C4A71443191CFEED0056EB30 /* DICell.h */ = {isa = PBXFileReference; fileEncoding = 4; lastKnownFileType = sourcecode.c.h; path = DICell.h; sourceTree = "<group>"; };
		C4A71444191CFEED0056EB30 /* DICell.m */ = {isa = PBXFileReference; fileEncoding = 4; lastKnownFileType = sourcecode.c.objc; path = DICell.m; sourceTree = "<group>"; };
		C4A71445191CFEED0056EB30 /* DICell.xib */ = {isa = PBXFileReference; fileEncoding = 4; lastKnownFileType = file.xib; path = DICell.xib; sourceTree = "<group>"; };
		C4A71447191CFEED0056EB30 /* ListVC.h */ = {isa = PBXFileReference; fileEncoding = 4; lastKnownFileType = sourcecode.c.h; path = ListVC.h; sourceTree = "<group>"; };
		C4A71448191CFEED0056EB30 /* ListVC.m */ = {isa = PBXFileReference; fileEncoding = 4; lastKnownFileType = sourcecode.c.objc; path = ListVC.m; sourceTree = "<group>"; };
		C4BB1A38187AF9910067C041 /* DIMapSourceManager.m */ = {isa = PBXFileReference; fileEncoding = 4; lastKnownFileType = sourcecode.c.objc; name = DIMapSourceManager.m; path = Classes/Managers/MapSourceManagers/DIMapSourceManager.m; sourceTree = "<group>"; };
		C4BD880418705EE400128CD1 /* MapAppGit.app */ = {isa = PBXFileReference; explicitFileType = wrapper.application; includeInIndex = 0; path = MapAppGit.app; sourceTree = BUILT_PRODUCTS_DIR; };
		C4BD880718705EE400128CD1 /* Foundation.framework */ = {isa = PBXFileReference; lastKnownFileType = wrapper.framework; name = Foundation.framework; path = System/Library/Frameworks/Foundation.framework; sourceTree = SDKROOT; };
		C4BD880918705EE400128CD1 /* CoreGraphics.framework */ = {isa = PBXFileReference; lastKnownFileType = wrapper.framework; name = CoreGraphics.framework; path = System/Library/Frameworks/CoreGraphics.framework; sourceTree = SDKROOT; };
		C4BD880B18705EE400128CD1 /* UIKit.framework */ = {isa = PBXFileReference; lastKnownFileType = wrapper.framework; name = UIKit.framework; path = System/Library/Frameworks/UIKit.framework; sourceTree = SDKROOT; };
		C4BD880D18705EE400128CD1 /* CoreData.framework */ = {isa = PBXFileReference; lastKnownFileType = wrapper.framework; name = CoreData.framework; path = System/Library/Frameworks/CoreData.framework; sourceTree = SDKROOT; };
		C4BD881118705EE400128CD1 /* MapAppGit-Info.plist */ = {isa = PBXFileReference; lastKnownFileType = text.plist.xml; path = "MapAppGit-Info.plist"; sourceTree = "<group>"; };
		C4BD881318705EE400128CD1 /* en */ = {isa = PBXFileReference; lastKnownFileType = text.plist.strings; name = en; path = en.lproj/InfoPlist.strings; sourceTree = "<group>"; };
		C4BD881518705EE400128CD1 /* main.m */ = {isa = PBXFileReference; lastKnownFileType = sourcecode.c.objc; path = main.m; sourceTree = "<group>"; };
		C4BD881718705EE400128CD1 /* MapAppGit-Prefix.pch */ = {isa = PBXFileReference; lastKnownFileType = sourcecode.c.h; path = "MapAppGit-Prefix.pch"; sourceTree = "<group>"; };
		C4BD881818705EE400128CD1 /* DIAppDelegate.h */ = {isa = PBXFileReference; lastKnownFileType = sourcecode.c.h; path = DIAppDelegate.h; sourceTree = "<group>"; };
		C4BD881918705EE400128CD1 /* DIAppDelegate.m */ = {isa = PBXFileReference; lastKnownFileType = sourcecode.c.objc; path = DIAppDelegate.m; sourceTree = "<group>"; };
		C4BD881C18705EE400128CD1 /* SightBaseConverter.xcdatamodel */ = {isa = PBXFileReference; lastKnownFileType = wrapper.xcdatamodel; path = SightBaseConverter.xcdatamodel; sourceTree = "<group>"; };
		C4BD881E18705EE400128CD1 /* Images.xcassets */ = {isa = PBXFileReference; lastKnownFileType = folder.assetcatalog; path = Images.xcassets; sourceTree = "<group>"; };
		C4BD882418705EE400128CD1 /* MapAppGitTests.xctest */ = {isa = PBXFileReference; explicitFileType = wrapper.cfbundle; includeInIndex = 0; path = MapAppGitTests.xctest; sourceTree = BUILT_PRODUCTS_DIR; };
		C4BD882518705EE400128CD1 /* XCTest.framework */ = {isa = PBXFileReference; lastKnownFileType = wrapper.framework; name = XCTest.framework; path = Library/Frameworks/XCTest.framework; sourceTree = DEVELOPER_DIR; };
		C4BD882E18705EE400128CD1 /* MapAppGitTests-Info.plist */ = {isa = PBXFileReference; lastKnownFileType = text.plist.xml; path = "MapAppGitTests-Info.plist"; sourceTree = "<group>"; };
		C4BD883018705EE400128CD1 /* en */ = {isa = PBXFileReference; lastKnownFileType = text.plist.strings; name = en; path = en.lproj/InfoPlist.strings; sourceTree = "<group>"; };
		C4BD883218705EE400128CD1 /* MapAppGitTests.m */ = {isa = PBXFileReference; lastKnownFileType = sourcecode.c.objc; path = MapAppGitTests.m; sourceTree = "<group>"; };
		C4BD883E1870612900128CD1 /* DIMapController.h */ = {isa = PBXFileReference; fileEncoding = 4; lastKnownFileType = sourcecode.c.h; path = DIMapController.h; sourceTree = "<group>"; };
		C4BD883F1870612900128CD1 /* DIMapController.m */ = {isa = PBXFileReference; fileEncoding = 4; lastKnownFileType = sourcecode.c.objc; path = DIMapController.m; sourceTree = "<group>"; };
		C4BD88401870612900128CD1 /* DIMapController.xib */ = {isa = PBXFileReference; fileEncoding = 4; lastKnownFileType = file.xib; path = DIMapController.xib; sourceTree = "<group>"; };
		C4BD885218706E9000128CD1 /* libsqlite3.dylib */ = {isa = PBXFileReference; lastKnownFileType = "compiled.mach-o.dylib"; name = libsqlite3.dylib; path = usr/lib/libsqlite3.dylib; sourceTree = SDKROOT; };
		C4BD885418706E9900128CD1 /* CoreLocation.framework */ = {isa = PBXFileReference; lastKnownFileType = wrapper.framework; name = CoreLocation.framework; path = System/Library/Frameworks/CoreLocation.framework; sourceTree = SDKROOT; };
		C4BD885618706EA300128CD1 /* QuartzCore.framework */ = {isa = PBXFileReference; lastKnownFileType = wrapper.framework; name = QuartzCore.framework; path = System/Library/Frameworks/QuartzCore.framework; sourceTree = SDKROOT; };
		C4BD885918707A0100128CD1 /* libz.dylib */ = {isa = PBXFileReference; lastKnownFileType = "compiled.mach-o.dylib"; name = libz.dylib; path = usr/lib/libz.dylib; sourceTree = SDKROOT; };
		C4BD885F1870822900128CD1 /* DITilesDownloader.h */ = {isa = PBXFileReference; fileEncoding = 4; lastKnownFileType = sourcecode.c.h; path = DITilesDownloader.h; sourceTree = "<group>"; };
		C4BD88601870822900128CD1 /* DITilesDownloader.m */ = {isa = PBXFileReference; fileEncoding = 4; lastKnownFileType = sourcecode.c.objc; path = DITilesDownloader.m; sourceTree = "<group>"; };
		C4BD886218708BCF00128CD1 /* MapView.xcodeproj */ = {isa = PBXFileReference; lastKnownFileType = "wrapper.pb-project"; name = MapView.xcodeproj; path = ../RouteMeLib/MapView/MapView.xcodeproj; sourceTree = "<group>"; };
		C4BD887118708C1D00128CD1 /* libMapView.a */ = {isa = PBXFileReference; lastKnownFileType = archive.ar; name = libMapView.a; path = "../RouteMeLib/MapView/build/Debug-iphoneos/libMapView.a"; sourceTree = "<group>"; };
		C4BD88881870949700128CD1 /* DICloudeMadeManager.h */ = {isa = PBXFileReference; fileEncoding = 4; lastKnownFileType = sourcecode.c.h; name = DICloudeMadeManager.h; path = Classes/Managers/MapSourceManagers/DICloudeMadeManager.h; sourceTree = "<group>"; };
		C4BD88891870949700128CD1 /* DICloudeMadeManager.m */ = {isa = PBXFileReference; fileEncoding = 4; lastKnownFileType = sourcecode.c.objc; name = DICloudeMadeManager.m; path = Classes/Managers/MapSourceManagers/DICloudeMadeManager.m; sourceTree = "<group>"; };
		C4BD888B187094FA00128CD1 /* DIMapSourceManager.h */ = {isa = PBXFileReference; lastKnownFileType = sourcecode.c.h; name = DIMapSourceManager.h; path = Classes/Managers/MapSourceManagers/DIMapSourceManager.h; sourceTree = "<group>"; };
		C4CAB3F9188C4E55003CB9CC /* ListDefaults.h */ = {isa = PBXFileReference; fileEncoding = 4; lastKnownFileType = sourcecode.c.h; name = ListDefaults.h; path = Classes/ViewControllers/ListVC/ListDefaults.h; sourceTree = "<group>"; };
		C4ECD2871969B49800D733B0 /* ru */ = {isa = PBXFileReference; lastKnownFileType = text.plist.strings; name = ru; path = ru.lproj/InfoPlist.strings; sourceTree = "<group>"; };
		C4ECD2881969B49800D733B0 /* ru */ = {isa = PBXFileReference; lastKnownFileType = text.plist.strings; name = ru; path = ru.lproj/InfoPlist.strings; sourceTree = "<group>"; };
		C4ECD28B1969B55600D733B0 /* en */ = {isa = PBXFileReference; lastKnownFileType = text.plist.strings; name = en; path = en.lproj/Localizable.strings; sourceTree = "<group>"; };
		C4ECD28D1969B58200D733B0 /* ru */ = {isa = PBXFileReference; lastKnownFileType = text.plist.strings; name = ru; path = ru.lproj/Localizable.strings; sourceTree = "<group>"; };
		C4ECD29419712E5A00D733B0 /* info_price@2x.png */ = {isa = PBXFileReference; lastKnownFileType = image.png; path = "info_price@2x.png"; sourceTree = "<group>"; };
		C4ECD29519712E5A00D733B0 /* list_status_worktime@2x.png */ = {isa = PBXFileReference; lastKnownFileType = image.png; path = "list_status_worktime@2x.png"; sourceTree = "<group>"; };
		C4ECD29F1971320F00D733B0 /* NSString+RectForSize.h */ = {isa = PBXFileReference; fileEncoding = 4; lastKnownFileType = sourcecode.c.h; path = "NSString+RectForSize.h"; sourceTree = "<group>"; };
		C4ECD2A01971320F00D733B0 /* NSString+RectForSize.m */ = {isa = PBXFileReference; fileEncoding = 4; lastKnownFileType = sourcecode.c.objc; path = "NSString+RectForSize.m"; sourceTree = "<group>"; };
		C4ECD2A41971405100D733B0 /* info_roubles@2x.png */ = {isa = PBXFileReference; lastKnownFileType = image.png; path = "info_roubles@2x.png"; sourceTree = "<group>"; };
		C4FAD17C18FD924F007871B9 /* DISightsManager.h */ = {isa = PBXFileReference; fileEncoding = 4; lastKnownFileType = sourcecode.c.h; name = DISightsManager.h; path = Classes/Managers/SightsManager/DISightsManager.h; sourceTree = "<group>"; };
		C4FAD17D18FD924F007871B9 /* DISightsManager.m */ = {isa = PBXFileReference; fileEncoding = 4; lastKnownFileType = sourcecode.c.objc; name = DISightsManager.m; path = Classes/Managers/SightsManager/DISightsManager.m; sourceTree = "<group>"; };
		C4FAD18318FEF69E007871B9 /* arrow.jpeg */ = {isa = PBXFileReference; lastKnownFileType = image.jpeg; path = arrow.jpeg; sourceTree = "<group>"; };
/* End PBXFileReference section */

/* Begin PBXFrameworksBuildPhase section */
		C4BD880118705EE400128CD1 /* Frameworks */ = {
			isa = PBXFrameworksBuildPhase;
			buildActionMask = 2147483647;
			files = (
				C4BD887218708C1D00128CD1 /* libMapView.a in Frameworks */,
				C4BD885A18707A0100128CD1 /* libz.dylib in Frameworks */,
				C4BD885718706EA300128CD1 /* QuartzCore.framework in Frameworks */,
				C4BD885518706E9900128CD1 /* CoreLocation.framework in Frameworks */,
				C4BD885318706E9000128CD1 /* libsqlite3.dylib in Frameworks */,
				C4BD880A18705EE400128CD1 /* CoreGraphics.framework in Frameworks */,
				C4BD880E18705EE400128CD1 /* CoreData.framework in Frameworks */,
				C4BD880C18705EE400128CD1 /* UIKit.framework in Frameworks */,
				C4BD880818705EE400128CD1 /* Foundation.framework in Frameworks */,
			);
			runOnlyForDeploymentPostprocessing = 0;
		};
		C4BD882118705EE400128CD1 /* Frameworks */ = {
			isa = PBXFrameworksBuildPhase;
			buildActionMask = 2147483647;
			files = (
				C4BD882618705EE400128CD1 /* XCTest.framework in Frameworks */,
				C4BD882918705EE400128CD1 /* CoreData.framework in Frameworks */,
				C4BD882818705EE400128CD1 /* UIKit.framework in Frameworks */,
				C4BD882718705EE400128CD1 /* Foundation.framework in Frameworks */,
			);
			runOnlyForDeploymentPostprocessing = 0;
		};
/* End PBXFrameworksBuildPhase section */

/* Begin PBXGroup section */
		0A1A042C1924B98500B81664 /* Buttons */ = {
			isa = PBXGroup;
			children = (
				0A1A04311924B98C00B81664 /* BarButton */,
			);
			name = Buttons;
			sourceTree = "<group>";
		};
		0A1A04311924B98C00B81664 /* BarButton */ = {
			isa = PBXGroup;
			children = (
				0A1A04321924BA2500B81664 /* DIBarButton.h */,
				0A1A04331924BA2500B81664 /* DIBarButton.m */,
			);
			name = BarButton;
			sourceTree = "<group>";
		};
		0A2C1B3A1923C6340041CECF /* BaseVC */ = {
			isa = PBXGroup;
			children = (
				0A2C1B3B1923C66F0041CECF /* DIBaseVC.h */,
				0A2C1B3C1923C66F0041CECF /* DIBaseVC.m */,
			);
			name = BaseVC;
			sourceTree = "<group>";
		};
		0A2C1B3F1923C7170041CECF /* Backgrounds */ = {
			isa = PBXGroup;
			children = (
				C46D1E681942FAF10063CFB4 /* list_buttonBar_background_128@2x.png */,
				C411E25B1930FC2500C9A8EF /* info_closure@2x.png */,
				C49564981928B78700612A00 /* list_cell_background@2x.png */,
				C49564861925608400612A00 /* info_buttonbar_bottom_background@2x.png */,
				C49564871925608400612A00 /* list_buttonBar_background@2x.png */,
			);
			name = Backgrounds;
			sourceTree = "<group>";
		};
		0A2C1B441923DEB50041CECF /* Buttons */ = {
			isa = PBXGroup;
			children = (
				C42EE3B1194B4CCC00B9FDEF /* info_button_collapseClosure@2x.png */,
				C42EE3B2194B4CCC00B9FDEF /* info_button_expandClosure@2x.png */,
				0A1A04451929D1F100B81664 /* list_button_toMap@2x.png */,
				0A1A04461929D1F100B81664 /* list_button_menu@2x.png */,
				0A1A04471929D1F100B81664 /* list_button_info@2x.png */,
				0A1A04481929D1F100B81664 /* list_button_add_released@2x.png */,
				0A1A04491929D1F100B81664 /* list_button_add_pressed@2x.png */,
				0A1A044A1929D1F100B81664 /* info_tittlebar_button_back@2x.png */,
				0A1A044B1929D1F100B81664 /* info_tittlebar_button_add_unpressed@2x.png */,
				0A1A044C1929D1F100B81664 /* info_tittlebar_button_add_pressed@2x.png */,
			);
			path = Buttons;
			sourceTree = "<group>";
		};
		0A8729F91909688500552932 /* HintManager */ = {
			isa = PBXGroup;
			children = (
				0A8729FE190968C400552932 /* DIHintManager.h */,
				0A8729FF190968C400552932 /* DIHintManager.m */,
			);
			name = HintManager;
			sourceTree = "<group>";
		};
		0A872A0119096D0500552932 /* Hint */ = {
			isa = PBXGroup;
			children = (
				0A872A0219096D3D00552932 /* DIHint.h */,
				0A872A0319096D3D00552932 /* DIHint.m */,
			);
			name = Hint;
			sourceTree = "<group>";
		};
		0ADC97E219744D4B00AE3499 /* Contacts */ = {
			isa = PBXGroup;
			children = (
				0ADC981B1977A55600AE3499 /* infoClosureShadow@2x.png */,
				0ADC98071974572800AE3499 /* ugLine5.png */,
				0ADC9805197455D600AE3499 /* infoIconsPhone@2x.png */,
				0ADC97F71974500E00AE3499 /* ugLine1.png */,
				0ADC97F81974500E00AE3499 /* ugLine2.png */,
				0ADC97F91974500E00AE3499 /* ugLine3.png */,
				0ADC97FA1974500E00AE3499 /* ugLine4.png */,
			);
			name = Contacts;
			path = metroLines;
			sourceTree = "<group>";
		};
		C411E2511930D2BE00C9A8EF /* CardVC */ = {
			isa = PBXGroup;
			children = (
				C43741FA190BAB020095D51E /* DISightCardVC.h */,
				C43741FB190BAB020095D51E /* DISightCardVC.m */,
				C43741FC190BAB020095D51E /* DISightCardVC.xib */,
			);
			name = CardVC;
			sourceTree = "<group>";
		};
		C411E2551930F7C600C9A8EF /* CardHeaderView */ = {
			isa = PBXGroup;
			children = (
				C411E2561930F81F00C9A8EF /* DIHeaderView.h */,
				C411E2571930F81F00C9A8EF /* DIHeaderView.m */,
				C411E2591930F97D00C9A8EF /* DIHeaderView.xib */,
			);
			name = CardHeaderView;
			sourceTree = "<group>";
		};
		C411E26019310BC900C9A8EF /* CardTVItem */ = {
			isa = PBXGroup;
			children = (
				C411E25D19310AF800C9A8EF /* DICardTVItem.h */,
				C411E25E19310AF800C9A8EF /* DICardTVItem.m */,
			);
			name = CardTVItem;
			sourceTree = "<group>";
		};
		C42EE3B5194C5E3100B9FDEF /* Icons */ = {
			isa = PBXGroup;
			children = (
				0ADC97E219744D4B00AE3499 /* Contacts */,
				C492EF791973014300CB88FA /* ico_audioguide_free@2x.png */,
				C492EF7A1973014300CB88FA /* ico_audioguide@2x.png */,
				C492EF7B1973014300CB88FA /* ico_photo_free@2x.png */,
				C492EF7C1973014300CB88FA /* ico_photo@2x.png */,
				C492EF7D1973014300CB88FA /* ico_wifi_free@2x.png */,
				C492EF7E1973014300CB88FA /* ico_wifi@2x.png */,
				C4ECD2A41971405100D733B0 /* info_roubles@2x.png */,
				C4ECD29419712E5A00D733B0 /* info_price@2x.png */,
				C4ECD29519712E5A00D733B0 /* list_status_worktime@2x.png */,
			);
			path = Icons;
			sourceTree = "<group>";
		};
		C43741E91906E7D60095D51E /* LocationManager */ = {
			isa = PBXGroup;
			children = (
				C43741EE1906E81C0095D51E /* DILocationManager.h */,
				C43741EF1906E81C0095D51E /* DILocationManager.m */,
			);
			name = LocationManager;
			sourceTree = "<group>";
		};
		C43741F9190BAAC20095D51E /* SightCard */ = {
			isa = PBXGroup;
			children = (
				C411E2511930D2BE00C9A8EF /* CardVC */,
				C411E26019310BC900C9A8EF /* CardTVItem */,
				C411E2551930F7C600C9A8EF /* CardHeaderView */,
			);
			name = SightCard;
			sourceTree = "<group>";
		};
		C43741FF190BAC270095D51E /* Sight */ = {
			isa = PBXGroup;
			children = (
				C4374200190BAC440095D51E /* DISight.h */,
				C4374201190BAC440095D51E /* DISight.m */,
			);
			name = Sight;
			sourceTree = "<group>";
		};
		C495644A191E1E3900612A00 /* RandomSpb */ = {
			isa = PBXGroup;
			children = (
				C495644B191E1E3900612A00 /* spb1.jpg */,
				C495644C191E1E3900612A00 /* spb2.jpg */,
				C495644D191E1E3900612A00 /* spb3.jpg */,
				C495644E191E1E3900612A00 /* spb4.jpg */,
				C495644F191E1E3900612A00 /* spb5.jpg */,
			);
			path = RandomSpb;
			sourceTree = "<group>";
		};
		C4956458191E253100612A00 /* ListMapVC */ = {
			isa = PBXGroup;
			children = (
				C495645E191E260C00612A00 /* DIListMapVC.h */,
				C495645F191E260C00612A00 /* DIListMapVC.m */,
			);
			name = ListMapVC;
			sourceTree = "<group>";
		};
		C4956467191EB6A100612A00 /* DoubleSwipeView */ = {
			isa = PBXGroup;
			children = (
				C4956468191EB6DF00612A00 /* DIDoubleSwipeView.h */,
				C4956469191EB6DF00612A00 /* DIDoubleSwipeView.m */,
			);
			name = DoubleSwipeView;
			sourceTree = "<group>";
		};
		C49972431896E31300A8DA98 /* Bases */ = {
			isa = PBXGroup;
			children = (
				C49972441896E31300A8DA98 /* Items */,
				C49972481896E31300A8DA98 /* Map */,
			);
			path = Bases;
			sourceTree = "<group>";
		};
		C49972441896E31300A8DA98 /* Items */ = {
			isa = PBXGroup;
			children = (
				C42EE3A2194B05FC00B9FDEF /* SightsBase.sqlite */,
				C42EE3A3194B05FC00B9FDEF /* SightsBase.sqlite-shm */,
				C42EE3A4194B05FC00B9FDEF /* SightsBase.sqlite-wal */,
			);
			path = Items;
			sourceTree = "<group>";
		};
		C49972481896E31300A8DA98 /* Map */ = {
			isa = PBXGroup;
			children = (
				C43741E21902C8590095D51E /* rus_spb_10_15.sqlite */,
			);
			path = Map;
			sourceTree = "<group>";
		};
		C499724E1896E91200A8DA98 /* Images */ = {
			isa = PBXGroup;
			children = (
				C42EE3B5194C5E3100B9FDEF /* Icons */,
				0A2C1B441923DEB50041CECF /* Buttons */,
				0A2C1B3F1923C7170041CECF /* Backgrounds */,
				C495644A191E1E3900612A00 /* RandomSpb */,
				C49972531896ED0500A8DA98 /* Markers */,
			);
			path = Images;
			sourceTree = "<group>";
		};
		C49972531896ED0500A8DA98 /* Markers */ = {
			isa = PBXGroup;
			children = (
				C4FAD18318FEF69E007871B9 /* arrow.jpeg */,
				C49972541896ED0500A8DA98 /* marker-blue-withletter.png */,
				C49972551896ED0500A8DA98 /* marker-blue.png */,
				C49972561896ED0500A8DA98 /* marker-red-withletter.png */,
				C49972571896ED0500A8DA98 /* marker-red.png */,
			);
			path = Markers;
			sourceTree = "<group>";
		};
		C4A7143F191CFEED0056EB30 /* Layout */ = {
			isa = PBXGroup;
			children = (
				C4A71440191CFEED0056EB30 /* DILayout.h */,
				C4A71441191CFEED0056EB30 /* DILayout.m */,
			);
			name = Layout;
			path = Classes/ViewControllers/ListVC/Layout;
			sourceTree = "<group>";
		};
		C4A71442191CFEED0056EB30 /* ListCell */ = {
			isa = PBXGroup;
			children = (
				C4A71443191CFEED0056EB30 /* DICell.h */,
				C4A71444191CFEED0056EB30 /* DICell.m */,
				C4A71445191CFEED0056EB30 /* DICell.xib */,
				C495649A1928EACF00612A00 /* DICell2.xib */,
			);
			name = ListCell;
			path = Classes/ViewControllers/ListVC/ListCell;
			sourceTree = "<group>";
		};
		C4A71446191CFEED0056EB30 /* ListVC */ = {
			isa = PBXGroup;
			children = (
				C4A71447191CFEED0056EB30 /* ListVC.h */,
				C4A71448191CFEED0056EB30 /* ListVC.m */,
			);
			name = ListVC;
			path = Classes/ViewControllers/ListVC/ListVC;
			sourceTree = "<group>";
		};
		C4BB1A4D18817AF10067C041 /* Objects */ = {
			isa = PBXGroup;
			children = (
				C43741FF190BAC270095D51E /* Sight */,
				0A872A0119096D0500552932 /* Hint */,
			);
			name = Objects;
			sourceTree = "<group>";
		};
		C4BD87FB18705EE400128CD1 = {
			isa = PBXGroup;
			children = (
				C4BD880F18705EE400128CD1 /* MapAppGit */,
				C4BD882C18705EE400128CD1 /* MapAppGitTests */,
				C4BD880618705EE400128CD1 /* Frameworks */,
				C4BD880518705EE400128CD1 /* Products */,
			);
			sourceTree = "<group>";
		};
		C4BD880518705EE400128CD1 /* Products */ = {
			isa = PBXGroup;
			children = (
				C4BD880418705EE400128CD1 /* MapAppGit.app */,
				C4BD882418705EE400128CD1 /* MapAppGitTests.xctest */,
			);
			name = Products;
			sourceTree = "<group>";
		};
		C4BD880618705EE400128CD1 /* Frameworks */ = {
			isa = PBXGroup;
			children = (
				C4BD886218708BCF00128CD1 /* MapView.xcodeproj */,
				C4BD887118708C1D00128CD1 /* libMapView.a */,
				C4BD885918707A0100128CD1 /* libz.dylib */,
				C4BD885218706E9000128CD1 /* libsqlite3.dylib */,
				C4BD885618706EA300128CD1 /* QuartzCore.framework */,
				C4BD885418706E9900128CD1 /* CoreLocation.framework */,
				C4BD880718705EE400128CD1 /* Foundation.framework */,
				C4BD880918705EE400128CD1 /* CoreGraphics.framework */,
				C4BD880B18705EE400128CD1 /* UIKit.framework */,
				C4BD880D18705EE400128CD1 /* CoreData.framework */,
				C4BD882518705EE400128CD1 /* XCTest.framework */,
			);
			name = Frameworks;
			sourceTree = "<group>";
		};
		C4BD880F18705EE400128CD1 /* MapAppGit */ = {
			isa = PBXGroup;
			children = (
				C46D1E7C1943391F0063CFB4 /* DIAppDefaults.h */,
				C4BD881818705EE400128CD1 /* DIAppDelegate.h */,
				C4BD881918705EE400128CD1 /* DIAppDelegate.m */,
				C4BD881E18705EE400128CD1 /* Images.xcassets */,
				C4BD885B187080FD00128CD1 /* Managers */,
				C4BB1A4D18817AF10067C041 /* Objects */,
				C4BD881B18705EE400128CD1 /* SightBaseConverter.xcdatamodeld */,
				C4BD883C187060AD00128CD1 /* ViewControllers */,
				C4FAD16818F18A02007871B9 /* Views */,
				C4ECD29E1971320F00D733B0 /* Utils */,
				C4BD881018705EE400128CD1 /* Supporting Files */,
			);
			path = MapAppGit;
			sourceTree = "<group>";
		};
		C4BD881018705EE400128CD1 /* Supporting Files */ = {
			isa = PBXGroup;
			children = (
				C4ECD27919695B3700D733B0 /* Localization */,
				C499724E1896E91200A8DA98 /* Images */,
				C49972431896E31300A8DA98 /* Bases */,
				C4BD881118705EE400128CD1 /* MapAppGit-Info.plist */,
				C4BD881218705EE400128CD1 /* InfoPlist.strings */,
				C4BD881518705EE400128CD1 /* main.m */,
				C4BD881718705EE400128CD1 /* MapAppGit-Prefix.pch */,
			);
			name = "Supporting Files";
			sourceTree = "<group>";
		};
		C4BD882C18705EE400128CD1 /* MapAppGitTests */ = {
			isa = PBXGroup;
			children = (
				C4BD883218705EE400128CD1 /* MapAppGitTests.m */,
				C4BD882D18705EE400128CD1 /* Supporting Files */,
			);
			path = MapAppGitTests;
			sourceTree = "<group>";
		};
		C4BD882D18705EE400128CD1 /* Supporting Files */ = {
			isa = PBXGroup;
			children = (
				C4BD882E18705EE400128CD1 /* MapAppGitTests-Info.plist */,
				C4BD882F18705EE400128CD1 /* InfoPlist.strings */,
			);
			name = "Supporting Files";
			sourceTree = "<group>";
		};
		C4BD883C187060AD00128CD1 /* ViewControllers */ = {
			isa = PBXGroup;
			children = (
				0A2C1B3A1923C6340041CECF /* BaseVC */,
				C4956458191E253100612A00 /* ListMapVC */,
				C43741F9190BAAC20095D51E /* SightCard */,
				C4CAB3F6188C4E1D003CB9CC /* ListVC */,
				C4BD883D187060BF00128CD1 /* MapVC */,
			);
			name = ViewControllers;
			sourceTree = "<group>";
		};
		C4BD883D187060BF00128CD1 /* MapVC */ = {
			isa = PBXGroup;
			children = (
				C4BD883E1870612900128CD1 /* DIMapController.h */,
				C4BD883F1870612900128CD1 /* DIMapController.m */,
				C4BD88401870612900128CD1 /* DIMapController.xib */,
			);
			name = MapVC;
			path = Classes/ViewControllers/MapVC;
			sourceTree = "<group>";
		};
		C4BD885B187080FD00128CD1 /* Managers */ = {
			isa = PBXGroup;
			children = (
				0A8729F91909688500552932 /* HintManager */,
				C43741E91906E7D60095D51E /* LocationManager */,
				C4BD88871870942200128CD1 /* MapSourceManagers */,
				C4FAD17718FD9212007871B9 /* SightsManager */,
				C4BD885E1870822900128CD1 /* TilesDownloader */,
			);
			name = Managers;
			sourceTree = "<group>";
		};
		C4BD885E1870822900128CD1 /* TilesDownloader */ = {
			isa = PBXGroup;
			children = (
				C4BD885F1870822900128CD1 /* DITilesDownloader.h */,
				C4BD88601870822900128CD1 /* DITilesDownloader.m */,
			);
			name = TilesDownloader;
			path = Classes/Managers/TilesDownloader;
			sourceTree = "<group>";
		};
		C4BD887418708C8300128CD1 /* Products */ = {
			isa = PBXGroup;
			children = (
				C4BD887C18708C8300128CD1 /* libMapView.a */,
				C4BD887E18708C8300128CD1 /* MapViewTests.octest */,
				C4BD888018708C8300128CD1 /* RM Unit Tests.app */,
			);
			name = Products;
			sourceTree = "<group>";
		};
		C4BD88871870942200128CD1 /* MapSourceManagers */ = {
			isa = PBXGroup;
			children = (
				C4BD888B187094FA00128CD1 /* DIMapSourceManager.h */,
				C4BB1A38187AF9910067C041 /* DIMapSourceManager.m */,
				C4BD88881870949700128CD1 /* DICloudeMadeManager.h */,
				C4BD88891870949700128CD1 /* DICloudeMadeManager.m */,
			);
			name = MapSourceManagers;
			sourceTree = "<group>";
		};
		C4CAB3F6188C4E1D003CB9CC /* ListVC */ = {
			isa = PBXGroup;
			children = (
				C4A7143F191CFEED0056EB30 /* Layout */,
				C4A71442191CFEED0056EB30 /* ListCell */,
				C4A71446191CFEED0056EB30 /* ListVC */,
				C4CAB3F9188C4E55003CB9CC /* ListDefaults.h */,
			);
			name = ListVC;
			sourceTree = "<group>";
		};
		C4ECD27919695B3700D733B0 /* Localization */ = {
			isa = PBXGroup;
			children = (
				C4ECD28C1969B55600D733B0 /* Localizable.strings */,
			);
			name = Localization;
			sourceTree = "<group>";
		};
		C4ECD29E1971320F00D733B0 /* Utils */ = {
			isa = PBXGroup;
			children = (
				C4ECD29F1971320F00D733B0 /* NSString+RectForSize.h */,
				C4ECD2A01971320F00D733B0 /* NSString+RectForSize.m */,
			);
			name = Utils;
			path = Classes/Utils;
			sourceTree = "<group>";
		};
		C4FAD16818F18A02007871B9 /* Views */ = {
			isa = PBXGroup;
			children = (
				0A1A042C1924B98500B81664 /* Buttons */,
				C4956467191EB6A100612A00 /* DoubleSwipeView */,
			);
			name = Views;
			sourceTree = "<group>";
		};
		C4FAD17718FD9212007871B9 /* SightsManager */ = {
			isa = PBXGroup;
			children = (
				C4FAD17C18FD924F007871B9 /* DISightsManager.h */,
				C4FAD17D18FD924F007871B9 /* DISightsManager.m */,
			);
			name = SightsManager;
			sourceTree = "<group>";
		};
/* End PBXGroup section */

/* Begin PBXNativeTarget section */
		C4BD880318705EE400128CD1 /* MapAppGit */ = {
			isa = PBXNativeTarget;
			buildConfigurationList = C4BD883618705EE400128CD1 /* Build configuration list for PBXNativeTarget "MapAppGit" */;
			buildPhases = (
				C4BD880018705EE400128CD1 /* Sources */,
				C4BD880118705EE400128CD1 /* Frameworks */,
				C4BD880218705EE400128CD1 /* Resources */,
			);
			buildRules = (
			);
			dependencies = (
				C4BD888218708C8C00128CD1 /* PBXTargetDependency */,
			);
			name = MapAppGit;
			productName = MapAppGit;
			productReference = C4BD880418705EE400128CD1 /* MapAppGit.app */;
			productType = "com.apple.product-type.application";
		};
		C4BD882318705EE400128CD1 /* MapAppGitTests */ = {
			isa = PBXNativeTarget;
			buildConfigurationList = C4BD883918705EE400128CD1 /* Build configuration list for PBXNativeTarget "MapAppGitTests" */;
			buildPhases = (
				C4BD882018705EE400128CD1 /* Sources */,
				C4BD882118705EE400128CD1 /* Frameworks */,
				C4BD882218705EE400128CD1 /* Resources */,
			);
			buildRules = (
			);
			dependencies = (
				C4BD882B18705EE400128CD1 /* PBXTargetDependency */,
			);
			name = MapAppGitTests;
			productName = MapAppGitTests;
			productReference = C4BD882418705EE400128CD1 /* MapAppGitTests.xctest */;
			productType = "com.apple.product-type.bundle.unit-test";
		};
/* End PBXNativeTarget section */

/* Begin PBXProject section */
		C4BD87FC18705EE400128CD1 /* Project object */ = {
			isa = PBXProject;
			attributes = {
				CLASSPREFIX = DI;
				LastUpgradeCheck = 0510;
				ORGANIZATIONNAME = "Dmitry Ivanov";
				TargetAttributes = {
					C4BD880318705EE400128CD1 = {
						DevelopmentTeam = 2Y2B5M2TAL;
					};
					C4BD882318705EE400128CD1 = {
						TestTargetID = C4BD880318705EE400128CD1;
					};
				};
			};
			buildConfigurationList = C4BD87FF18705EE400128CD1 /* Build configuration list for PBXProject "MapAppGit" */;
			compatibilityVersion = "Xcode 3.2";
			developmentRegion = English;
			hasScannedForEncodings = 0;
			knownRegions = (
				en,
				ru,
			);
			mainGroup = C4BD87FB18705EE400128CD1;
			productRefGroup = C4BD880518705EE400128CD1 /* Products */;
			projectDirPath = "";
			projectReferences = (
				{
					ProductGroup = C4BD887418708C8300128CD1 /* Products */;
					ProjectRef = C4BD886218708BCF00128CD1 /* MapView.xcodeproj */;
				},
			);
			projectRoot = "";
			targets = (
				C4BD880318705EE400128CD1 /* MapAppGit */,
				C4BD882318705EE400128CD1 /* MapAppGitTests */,
			);
		};
/* End PBXProject section */

/* Begin PBXReferenceProxy section */
		C4BD887C18708C8300128CD1 /* libMapView.a */ = {
			isa = PBXReferenceProxy;
			fileType = archive.ar;
			path = libMapView.a;
			remoteRef = C4BD887B18708C8300128CD1 /* PBXContainerItemProxy */;
			sourceTree = BUILT_PRODUCTS_DIR;
		};
		C4BD887E18708C8300128CD1 /* MapViewTests.octest */ = {
			isa = PBXReferenceProxy;
			fileType = wrapper.cfbundle;
			path = MapViewTests.octest;
			remoteRef = C4BD887D18708C8300128CD1 /* PBXContainerItemProxy */;
			sourceTree = BUILT_PRODUCTS_DIR;
		};
		C4BD888018708C8300128CD1 /* RM Unit Tests.app */ = {
			isa = PBXReferenceProxy;
			fileType = wrapper.application;
			path = "RM Unit Tests.app";
			remoteRef = C4BD887F18708C8300128CD1 /* PBXContainerItemProxy */;
			sourceTree = BUILT_PRODUCTS_DIR;
		};
/* End PBXReferenceProxy section */

/* Begin PBXResourcesBuildPhase section */
		C4BD880218705EE400128CD1 /* Resources */ = {
			isa = PBXResourcesBuildPhase;
			buildActionMask = 2147483647;
			files = (
				C499725B1896ED0500A8DA98 /* marker-red.png in Resources */,
				C4ECD2A51971405100D733B0 /* info_roubles@2x.png in Resources */,
				C42EE3A7194B05FC00B9FDEF /* SightsBase.sqlite-wal in Resources */,
				C4956451191E1E3900612A00 /* spb2.jpg in Resources */,
				0ADC9806197455D600AE3499 /* infoIconsPhone@2x.png in Resources */,
				0ADC97FD1974500E00AE3499 /* ugLine2.png in Resources */,
				C42EE3B4194B4CCC00B9FDEF /* info_button_expandClosure@2x.png in Resources */,
				C492EF841973014300CB88FA /* ico_wifi@2x.png in Resources */,
				C4ECD28A1969B55600D733B0 /* Localizable.strings in Resources */,
				C4BD88421870612900128CD1 /* DIMapController.xib in Resources */,
				C492EF801973014300CB88FA /* ico_audioguide@2x.png in Resources */,
				C42EE3B3194B4CCC00B9FDEF /* info_button_collapseClosure@2x.png in Resources */,
				C46D1E691942FAF10063CFB4 /* list_buttonBar_background_128@2x.png in Resources */,
				C49564991928B78700612A00 /* list_cell_background@2x.png in Resources */,
				0A1A044E1929D1F100B81664 /* list_button_menu@2x.png in Resources */,
				C411E25A1930F97D00C9A8EF /* DIHeaderView.xib in Resources */,
				C42EE3A5194B05FC00B9FDEF /* SightsBase.sqlite in Resources */,
				0A1A044D1929D1F100B81664 /* list_button_toMap@2x.png in Resources */,
				0A1A044F1929D1F100B81664 /* list_button_info@2x.png in Resources */,
				C4ECD29719712E5A00D733B0 /* list_status_worktime@2x.png in Resources */,
				C4956452191E1E3900612A00 /* spb3.jpg in Resources */,
				C492EF821973014300CB88FA /* ico_photo@2x.png in Resources */,
				C49972591896ED0500A8DA98 /* marker-blue.png in Resources */,
				0ADC98081974572800AE3499 /* ugLine5.png in Resources */,
				C4FAD18418FEF69E007871B9 /* arrow.jpeg in Resources */,
				C4956454191E1E3900612A00 /* spb5.jpg in Resources */,
				C49564881925608400612A00 /* info_buttonbar_bottom_background@2x.png in Resources */,
				C499725A1896ED0500A8DA98 /* marker-red-withletter.png in Resources */,
				C4BD881418705EE400128CD1 /* InfoPlist.strings in Resources */,
				0ADC97FC1974500E00AE3499 /* ugLine1.png in Resources */,
				C43741E31902C8590095D51E /* rus_spb_10_15.sqlite in Resources */,
				C492EF7F1973014300CB88FA /* ico_audioguide_free@2x.png in Resources */,
				C49564891925608400612A00 /* list_buttonBar_background@2x.png in Resources */,
				C49972581896ED0500A8DA98 /* marker-blue-withletter.png in Resources */,
				0A1A04541929D1F100B81664 /* info_tittlebar_button_add_pressed@2x.png in Resources */,
				C4956450191E1E3900612A00 /* spb1.jpg in Resources */,
				0ADC97FF1974500E00AE3499 /* ugLine4.png in Resources */,
				C4956453191E1E3900612A00 /* spb4.jpg in Resources */,
				C492EF831973014300CB88FA /* ico_wifi_free@2x.png in Resources */,
				0A1A04511929D1F100B81664 /* list_button_add_pressed@2x.png in Resources */,
				0ADC981C1977A55600AE3499 /* infoClosureShadow@2x.png in Resources */,
				C495649B1928EACF00612A00 /* DICell2.xib in Resources */,
				C4A7144B191CFEED0056EB30 /* DICell.xib in Resources */,
				C43741FE190BAB020095D51E /* DISightCardVC.xib in Resources */,
				C4BD881F18705EE400128CD1 /* Images.xcassets in Resources */,
				C42EE3A6194B05FC00B9FDEF /* SightsBase.sqlite-shm in Resources */,
				C492EF811973014300CB88FA /* ico_photo_free@2x.png in Resources */,
				0A1A04531929D1F100B81664 /* info_tittlebar_button_add_unpressed@2x.png in Resources */,
				C4ECD29619712E5A00D733B0 /* info_price@2x.png in Resources */,
				0A1A04501929D1F100B81664 /* list_button_add_released@2x.png in Resources */,
				C411E25C1930FC2500C9A8EF /* info_closure@2x.png in Resources */,
				0A1A04521929D1F100B81664 /* info_tittlebar_button_back@2x.png in Resources */,
				0ADC97FE1974500E00AE3499 /* ugLine3.png in Resources */,
			);
			runOnlyForDeploymentPostprocessing = 0;
		};
		C4BD882218705EE400128CD1 /* Resources */ = {
			isa = PBXResourcesBuildPhase;
			buildActionMask = 2147483647;
			files = (
				C4BD883118705EE400128CD1 /* InfoPlist.strings in Resources */,
			);
			runOnlyForDeploymentPostprocessing = 0;
		};
/* End PBXResourcesBuildPhase section */

/* Begin PBXSourcesBuildPhase section */
		C4BD880018705EE400128CD1 /* Sources */ = {
			isa = PBXSourcesBuildPhase;
			buildActionMask = 2147483647;
			files = (
				C4A71449191CFEED0056EB30 /* DILayout.m in Sources */,
				C4BD88611870822900128CD1 /* DITilesDownloader.m in Sources */,
				C411E2581930F81F00C9A8EF /* DIHeaderView.m in Sources */,
				C4BB1A39187AF9910067C041 /* DIMapSourceManager.m in Sources */,
				C4BD881D18705EE400128CD1 /* SightBaseConverter.xcdatamodeld in Sources */,
				C4FAD17E18FD924F007871B9 /* DISightsManager.m in Sources */,
				C495646A191EB6DF00612A00 /* DIDoubleSwipeView.m in Sources */,
				C4BD881618705EE400128CD1 /* main.m in Sources */,
				0A2C1B3D1923C66F0041CECF /* DIBaseVC.m in Sources */,
				C43741FD190BAB020095D51E /* DISightCardVC.m in Sources */,
				C4BD881A18705EE400128CD1 /* DIAppDelegate.m in Sources */,
				C411E25F19310AF800C9A8EF /* DICardTVItem.m in Sources */,
				C43741F01906E81C0095D51E /* DILocationManager.m in Sources */,
				C4374202190BAC440095D51E /* DISight.m in Sources */,
				C4A7144C191CFEED0056EB30 /* ListVC.m in Sources */,
				C4956461191E260C00612A00 /* DIListMapVC.m in Sources */,
				0A1A04341924BA2500B81664 /* DIBarButton.m in Sources */,
				C4BD88411870612900128CD1 /* DIMapController.m in Sources */,
				0A872A00190968C400552932 /* DIHintManager.m in Sources */,
				C4A7144A191CFEED0056EB30 /* DICell.m in Sources */,
				C4ECD2A11971320F00D733B0 /* NSString+RectForSize.m in Sources */,
				C4BD888A1870949700128CD1 /* DICloudeMadeManager.m in Sources */,
				0A872A0419096D3D00552932 /* DIHint.m in Sources */,
			);
			runOnlyForDeploymentPostprocessing = 0;
		};
		C4BD882018705EE400128CD1 /* Sources */ = {
			isa = PBXSourcesBuildPhase;
			buildActionMask = 2147483647;
			files = (
				C4BD883318705EE400128CD1 /* MapAppGitTests.m in Sources */,
			);
			runOnlyForDeploymentPostprocessing = 0;
		};
/* End PBXSourcesBuildPhase section */

/* Begin PBXTargetDependency section */
		C4BD882B18705EE400128CD1 /* PBXTargetDependency */ = {
			isa = PBXTargetDependency;
			target = C4BD880318705EE400128CD1 /* MapAppGit */;
			targetProxy = C4BD882A18705EE400128CD1 /* PBXContainerItemProxy */;
		};
		C4BD888218708C8C00128CD1 /* PBXTargetDependency */ = {
			isa = PBXTargetDependency;
			name = MapView;
			targetProxy = C4BD888118708C8C00128CD1 /* PBXContainerItemProxy */;
		};
/* End PBXTargetDependency section */

/* Begin PBXVariantGroup section */
		C4BD881218705EE400128CD1 /* InfoPlist.strings */ = {
			isa = PBXVariantGroup;
			children = (
				C4BD881318705EE400128CD1 /* en */,
				C4ECD2871969B49800D733B0 /* ru */,
			);
			name = InfoPlist.strings;
			sourceTree = "<group>";
		};
		C4BD882F18705EE400128CD1 /* InfoPlist.strings */ = {
			isa = PBXVariantGroup;
			children = (
				C4BD883018705EE400128CD1 /* en */,
				C4ECD2881969B49800D733B0 /* ru */,
			);
			name = InfoPlist.strings;
			sourceTree = "<group>";
		};
		C4ECD28C1969B55600D733B0 /* Localizable.strings */ = {
			isa = PBXVariantGroup;
			children = (
				C4ECD28B1969B55600D733B0 /* en */,
				C4ECD28D1969B58200D733B0 /* ru */,
			);
			name = Localizable.strings;
			path = "Supporting Files/Localization";
			sourceTree = "<group>";
		};
/* End PBXVariantGroup section */

/* Begin XCBuildConfiguration section */
		C4BD883418705EE400128CD1 /* Debug */ = {
			isa = XCBuildConfiguration;
			buildSettings = {
				ALWAYS_SEARCH_USER_PATHS = NO;
				CLANG_CXX_LANGUAGE_STANDARD = "gnu++0x";
				CLANG_CXX_LIBRARY = "libc++";
				CLANG_ENABLE_MODULES = YES;
				CLANG_ENABLE_OBJC_ARC = YES;
				CLANG_WARN_BOOL_CONVERSION = YES;
				CLANG_WARN_CONSTANT_CONVERSION = YES;
				CLANG_WARN_DIRECT_OBJC_ISA_USAGE = YES_ERROR;
				CLANG_WARN_EMPTY_BODY = YES;
				CLANG_WARN_ENUM_CONVERSION = YES;
				CLANG_WARN_INT_CONVERSION = YES;
				CLANG_WARN_OBJC_ROOT_CLASS = YES_ERROR;
				CLANG_WARN__DUPLICATE_METHOD_MATCH = YES;
				CODE_SIGN_IDENTITY = "";
				"CODE_SIGN_IDENTITY[sdk=iphoneos*]" = "";
				COPY_PHASE_STRIP = NO;
				DEBUG_INFORMATION_FORMAT = dwarf;
				GCC_C_LANGUAGE_STANDARD = gnu99;
				GCC_DYNAMIC_NO_PIC = NO;
				GCC_OPTIMIZATION_LEVEL = 0;
				GCC_PREPROCESSOR_DEFINITIONS = (
					"DEBUG=1",
					"$(inherited)",
				);
				GCC_SYMBOLS_PRIVATE_EXTERN = NO;
				GCC_WARN_64_TO_32_BIT_CONVERSION = YES;
				GCC_WARN_ABOUT_RETURN_TYPE = YES_ERROR;
				GCC_WARN_UNDECLARED_SELECTOR = YES;
				GCC_WARN_UNINITIALIZED_AUTOS = YES;
				GCC_WARN_UNUSED_FUNCTION = YES;
				GCC_WARN_UNUSED_VARIABLE = YES;
				IPHONEOS_DEPLOYMENT_TARGET = 7.0;
				ONLY_ACTIVE_ARCH = YES;
				OTHER_LDFLAGS = (
					"-all_load",
					"-ObjC",
				);
				SDKROOT = iphoneos;
			};
			name = Debug;
		};
		C4BD883518705EE400128CD1 /* Release */ = {
			isa = XCBuildConfiguration;
			buildSettings = {
				ALWAYS_SEARCH_USER_PATHS = NO;
				CLANG_CXX_LANGUAGE_STANDARD = "gnu++0x";
				CLANG_CXX_LIBRARY = "libc++";
				CLANG_ENABLE_MODULES = YES;
				CLANG_ENABLE_OBJC_ARC = YES;
				CLANG_WARN_BOOL_CONVERSION = YES;
				CLANG_WARN_CONSTANT_CONVERSION = YES;
				CLANG_WARN_DIRECT_OBJC_ISA_USAGE = YES_ERROR;
				CLANG_WARN_EMPTY_BODY = YES;
				CLANG_WARN_ENUM_CONVERSION = YES;
				CLANG_WARN_INT_CONVERSION = YES;
				CLANG_WARN_OBJC_ROOT_CLASS = YES_ERROR;
				CLANG_WARN__DUPLICATE_METHOD_MATCH = YES;
				CODE_SIGN_IDENTITY = "";
				"CODE_SIGN_IDENTITY[sdk=iphoneos*]" = "";
				COPY_PHASE_STRIP = YES;
				DEBUG_INFORMATION_FORMAT = dwarf;
				ENABLE_NS_ASSERTIONS = NO;
				GCC_C_LANGUAGE_STANDARD = gnu99;
				GCC_OPTIMIZATION_LEVEL = 0;
				GCC_WARN_64_TO_32_BIT_CONVERSION = YES;
				GCC_WARN_ABOUT_RETURN_TYPE = YES_ERROR;
				GCC_WARN_UNDECLARED_SELECTOR = YES;
				GCC_WARN_UNINITIALIZED_AUTOS = YES;
				GCC_WARN_UNUSED_FUNCTION = YES;
				GCC_WARN_UNUSED_VARIABLE = YES;
				IPHONEOS_DEPLOYMENT_TARGET = 7.0;
				OTHER_LDFLAGS = (
					"-all_load",
					"-ObjC",
				);
				SDKROOT = iphoneos;
				VALIDATE_PRODUCT = YES;
			};
			name = Release;
		};
		C4BD883718705EE400128CD1 /* Debug */ = {
			isa = XCBuildConfiguration;
			buildSettings = {
				ASSETCATALOG_COMPILER_APPICON_NAME = AppIcon;
				ASSETCATALOG_COMPILER_LAUNCHIMAGE_NAME = LaunchImage;
				CODE_SIGN_IDENTITY = "iPhone Developer";
				"CODE_SIGN_IDENTITY[sdk=iphoneos*]" = "iPhone Developer";
				GCC_OPTIMIZATION_LEVEL = 0;
				GCC_PRECOMPILE_PREFIX_HEADER = YES;
				GCC_PREFIX_HEADER = "MapAppGit/MapAppGit-Prefix.pch";
				HEADER_SEARCH_PATHS = "\"$(SRCROOT)/..\"/**";
				INFOPLIST_FILE = "MapAppGit/MapAppGit-Info.plist";
				LIBRARY_SEARCH_PATHS = "";
				OTHER_LDFLAGS = "-ObjC";
				PRODUCT_NAME = "$(TARGET_NAME)";
				PROVISIONING_PROFILE = "";
				WRAPPER_EXTENSION = app;
			};
			name = Debug;
		};
		C4BD883818705EE400128CD1 /* Release */ = {
			isa = XCBuildConfiguration;
			buildSettings = {
				ASSETCATALOG_COMPILER_APPICON_NAME = AppIcon;
				ASSETCATALOG_COMPILER_LAUNCHIMAGE_NAME = LaunchImage;
				CODE_SIGN_IDENTITY = "iPhone Developer";
				"CODE_SIGN_IDENTITY[sdk=iphoneos*]" = "iPhone Developer";
				GCC_OPTIMIZATION_LEVEL = 0;
				GCC_PRECOMPILE_PREFIX_HEADER = YES;
				GCC_PREFIX_HEADER = "MapAppGit/MapAppGit-Prefix.pch";
				HEADER_SEARCH_PATHS = "\"$(SRCROOT)/..\"/**";
				INFOPLIST_FILE = "MapAppGit/MapAppGit-Info.plist";
				LIBRARY_SEARCH_PATHS = "";
				OTHER_LDFLAGS = "-ObjC";
				PRODUCT_NAME = "$(TARGET_NAME)";
				PROVISIONING_PROFILE = "";
				WRAPPER_EXTENSION = app;
			};
			name = Release;
		};
		C4BD883A18705EE400128CD1 /* Debug */ = {
			isa = XCBuildConfiguration;
			buildSettings = {
				BUNDLE_LOADER = "$(BUILT_PRODUCTS_DIR)/MapAppGit.app/MapAppGit";
				FRAMEWORK_SEARCH_PATHS = (
					"$(SDKROOT)/Developer/Library/Frameworks",
					"$(inherited)",
					"$(DEVELOPER_FRAMEWORKS_DIR)",
				);
				GCC_PRECOMPILE_PREFIX_HEADER = YES;
				GCC_PREFIX_HEADER = "MapAppGit/MapAppGit-Prefix.pch";
				GCC_PREPROCESSOR_DEFINITIONS = (
					"DEBUG=1",
					"$(inherited)",
				);
				INFOPLIST_FILE = "MapAppGitTests/MapAppGitTests-Info.plist";
				PRODUCT_NAME = "$(TARGET_NAME)";
				TEST_HOST = "$(BUNDLE_LOADER)";
				WRAPPER_EXTENSION = xctest;
			};
			name = Debug;
		};
		C4BD883B18705EE400128CD1 /* Release */ = {
			isa = XCBuildConfiguration;
			buildSettings = {
				BUNDLE_LOADER = "$(BUILT_PRODUCTS_DIR)/MapAppGit.app/MapAppGit";
				FRAMEWORK_SEARCH_PATHS = (
					"$(SDKROOT)/Developer/Library/Frameworks",
					"$(inherited)",
					"$(DEVELOPER_FRAMEWORKS_DIR)",
				);
				GCC_PRECOMPILE_PREFIX_HEADER = YES;
				GCC_PREFIX_HEADER = "MapAppGit/MapAppGit-Prefix.pch";
				INFOPLIST_FILE = "MapAppGitTests/MapAppGitTests-Info.plist";
				PRODUCT_NAME = "$(TARGET_NAME)";
				TEST_HOST = "$(BUNDLE_LOADER)";
				WRAPPER_EXTENSION = xctest;
			};
			name = Release;
		};
/* End XCBuildConfiguration section */

/* Begin XCConfigurationList section */
		C4BD87FF18705EE400128CD1 /* Build configuration list for PBXProject "MapAppGit" */ = {
			isa = XCConfigurationList;
			buildConfigurations = (
				C4BD883418705EE400128CD1 /* Debug */,
				C4BD883518705EE400128CD1 /* Release */,
			);
			defaultConfigurationIsVisible = 0;
			defaultConfigurationName = Release;
		};
		C4BD883618705EE400128CD1 /* Build configuration list for PBXNativeTarget "MapAppGit" */ = {
			isa = XCConfigurationList;
			buildConfigurations = (
				C4BD883718705EE400128CD1 /* Debug */,
				C4BD883818705EE400128CD1 /* Release */,
			);
			defaultConfigurationIsVisible = 0;
			defaultConfigurationName = Release;
		};
		C4BD883918705EE400128CD1 /* Build configuration list for PBXNativeTarget "MapAppGitTests" */ = {
			isa = XCConfigurationList;
			buildConfigurations = (
				C4BD883A18705EE400128CD1 /* Debug */,
				C4BD883B18705EE400128CD1 /* Release */,
			);
			defaultConfigurationIsVisible = 0;
			defaultConfigurationName = Release;
		};
/* End XCConfigurationList section */

/* Begin XCVersionGroup section */
		C4BD881B18705EE400128CD1 /* SightBaseConverter.xcdatamodeld */ = {
			isa = XCVersionGroup;
			children = (
				C4BD881C18705EE400128CD1 /* SightBaseConverter.xcdatamodel */,
			);
			currentVersion = C4BD881C18705EE400128CD1 /* SightBaseConverter.xcdatamodel */;
			path = SightBaseConverter.xcdatamodeld;
			sourceTree = "<group>";
			versionGroupType = wrapper.xcdatamodel;
		};
/* End XCVersionGroup section */
	};
	rootObject = C4BD87FC18705EE400128CD1 /* Project object */;
}
